{
  "version": 4,
  "terraform_version": "1.0.11",
  "serial": 384,
  "lineage": "cf43666f-29a5-b0e9-c572-d888d3e76b8b",
  "outputs": {},
  "resources": [
    {
      "mode": "data",
      "type": "aws_subnet_ids",
      "name": "all",
      "provider": "provider[\"registry.terraform.io/hashicorp/aws\"]",
      "instances": [
        {
          "schema_version": 0,
          "attributes": {
            "filter": null,
            "id": "vpc-0e9e6c2edc1d1553a",
            "ids": [
              "subnet-05b56466362a7751e",
              "subnet-05f53f164ca43d09e",
              "subnet-060e1f0b98bf34cc0",
              "subnet-06c9398939a85e315",
              "subnet-07b975e592b6d48c2",
              "subnet-0dc15a7c65df6ed0c"
            ],
            "tags": null,
            "vpc_id": "vpc-0e9e6c2edc1d1553a"
          },
          "sensitive_attributes": []
        }
      ]
    },
    {
      "mode": "data",
      "type": "aws_subnet_ids",
      "name": "private",
      "provider": "provider[\"registry.terraform.io/hashicorp/aws\"]",
      "instances": [
        {
          "schema_version": 0,
          "attributes": {
            "filter": null,
            "id": "vpc-0e9e6c2edc1d1553a",
            "ids": [
              "subnet-05b56466362a7751e",
              "subnet-05f53f164ca43d09e",
              "subnet-060e1f0b98bf34cc0",
              "subnet-06c9398939a85e315",
              "subnet-07b975e592b6d48c2",
              "subnet-0dc15a7c65df6ed0c"
            ],
            "tags": null,
            "vpc_id": "vpc-0e9e6c2edc1d1553a"
          },
          "sensitive_attributes": []
        }
      ]
    },
    {
      "module": "module.db",
      "mode": "managed",
      "type": "aws_security_group",
      "name": "sec_grp_rds",
      "provider": "provider[\"registry.terraform.io/hashicorp/aws\"]",
      "instances": [
        {
          "schema_version": 1,
          "attributes": {
            "arn": "arn:aws:ec2:eu-west-1:002172820271:security-group/sg-0b63421de78c5ff95",
            "description": "Managed by Terraform",
            "egress": [
              {
                "cidr_blocks": [
                  "0.0.0.0/0"
                ],
                "description": "",
                "from_port": 0,
                "ipv6_cidr_blocks": [],
                "prefix_list_ids": [],
                "protocol": "-1",
                "security_groups": [],
                "self": false,
                "to_port": 0
              }
            ],
            "id": "sg-0b63421de78c5ff95",
            "ingress": [
              {
                "cidr_blocks": [],
                "description": "Allow worker nodes to communicate with database",
                "from_port": 5432,
                "ipv6_cidr_blocks": [],
                "prefix_list_ids": [],
                "protocol": "tcp",
                "security_groups": [
                  "sg-01bccd86532d55900"
                ],
                "self": false,
                "to_port": 5432
              }
            ],
            "name": "eks-remotify-production20211122112109703200000010",
            "name_prefix": "eks-remotify-production",
            "owner_id": "002172820271",
            "revoke_rules_on_delete": false,
            "tags": {
              "Environment": "production",
              "Name": "remotify-rds-postgres-security-group"
            },
            "tags_all": {
              "Environment": "production",
              "Name": "remotify-rds-postgres-security-group"
            },
            "timeouts": null,
            "vpc_id": "vpc-0e9e6c2edc1d1553a"
          },
          "sensitive_attributes": [],
          "private": "eyJlMmJmYjczMC1lY2FhLTExZTYtOGY4OC0zNDM2M2JjN2M0YzAiOnsiY3JlYXRlIjo2MDAwMDAwMDAwMDAsImRlbGV0ZSI6OTAwMDAwMDAwMDAwfSwic2NoZW1hX3ZlcnNpb24iOiIxIn0=",
          "dependencies": [
            "module.vpc.module.vpc.aws_subnet.private",
            "module.vpc.module.vpc.aws_vpc_ipv4_cidr_block_association.this",
            "module.eks.module.eks.aws_iam_role_policy_attachment.cluster_AmazonEKSServicePolicy",
            "module.eks.module.eks.aws_iam_role_policy_attachment.cluster_AmazonEKSVPCResourceControllerPolicy",
            "module.eks.module.eks.aws_security_group_rule.cluster_egress_internet",
            "module.eks.module.eks.aws_security_group_rule.cluster_private_access_sg_source",
            "module.eks.module.eks.aws_eks_cluster.this",
            "module.eks.module.eks.aws_iam_role.cluster",
            "module.eks.module.eks.aws_security_group_rule.cluster_https_worker_ingress",
            "module.eks.module.eks.aws_security_group_rule.cluster_private_access_cidrs_source",
            "module.eks.module.eks.data.aws_iam_policy_document.cluster_assume_role_policy",
            "module.eks.module.eks.data.aws_iam_role.custom_cluster_iam_role",
            "module.vpc.data.aws_availability_zones.available",
            "module.vpc.module.vpc.aws_vpc.this",
            "module.eks.module.eks.aws_iam_role_policy_attachment.cluster_AmazonEKSClusterPolicy",
            "module.eks.module.eks.aws_security_group.cluster",
            "module.eks.module.eks.data.aws_partition.current",
            "module.eks.module.eks.data.http.wait_for_cluster",
            "module.eks.module.eks.aws_cloudwatch_log_group.this",
            "module.eks.module.eks.aws_security_group.workers"
          ]
        }
      ]
    },
    {
      "module": "module.db",
      "mode": "managed",
      "type": "aws_security_group_rule",
      "name": "allow-workers-nodes-communications",
      "provider": "provider[\"registry.terraform.io/hashicorp/aws\"]",
      "instances": [
        {
          "schema_version": 2,
          "attributes": {
            "cidr_blocks": [],
            "description": "Allow worker nodes to communicate with database",
            "from_port": 5432,
            "id": "sgrule-4101636422",
            "ipv6_cidr_blocks": [],
            "prefix_list_ids": [],
            "protocol": "tcp",
            "security_group_id": "sg-0b63421de78c5ff95",
            "self": false,
            "source_security_group_id": "sg-01bccd86532d55900",
            "to_port": 5432,
            "type": "ingress"
          },
          "sensitive_attributes": [],
          "private": "eyJzY2hlbWFfdmVyc2lvbiI6IjIifQ==",
          "dependencies": [
            "module.db.aws_security_group.sec_grp_rds",
            "module.eks.module.eks.aws_cloudwatch_log_group.this",
            "module.eks.module.eks.aws_security_group.workers",
            "module.eks.module.eks.data.http.wait_for_cluster",
            "module.eks.module.eks.aws_iam_role_policy_attachment.cluster_AmazonEKSClusterPolicy",
            "module.eks.module.eks.aws_iam_role_policy_attachment.cluster_AmazonEKSServicePolicy",
            "module.eks.module.eks.aws_iam_role_policy_attachment.cluster_AmazonEKSVPCResourceControllerPolicy",
            "module.eks.module.eks.aws_security_group.cluster",
            "module.eks.module.eks.data.aws_iam_policy_document.cluster_assume_role_policy",
            "module.eks.module.eks.data.aws_iam_role.custom_cluster_iam_role",
            "module.eks.module.eks.data.aws_partition.current",
            "module.vpc.module.vpc.aws_vpc.this",
            "module.eks.module.eks.aws_eks_cluster.this",
            "module.eks.module.eks.aws_security_group_rule.cluster_https_worker_ingress",
            "module.eks.module.eks.aws_security_group_rule.cluster_private_access_cidrs_source",
            "module.vpc.data.aws_availability_zones.available",
            "module.vpc.module.vpc.aws_vpc_ipv4_cidr_block_association.this",
            "module.eks.module.eks.aws_iam_role.cluster",
            "module.eks.module.eks.aws_security_group_rule.cluster_egress_internet",
            "module.eks.module.eks.aws_security_group_rule.cluster_private_access_sg_source",
            "module.vpc.module.vpc.aws_subnet.private"
          ]
        }
      ]
    },
    {
      "module": "module.db.module.db.module.db_instance",
      "mode": "data",
      "type": "aws_iam_policy_document",
      "name": "enhanced_monitoring",
      "provider": "provider[\"registry.terraform.io/hashicorp/aws\"]",
      "instances": [
        {
          "schema_version": 0,
          "attributes": {
            "id": "1813475199",
            "json": "{\n  \"Version\": \"2012-10-17\",\n  \"Statement\": [\n    {\n      \"Sid\": \"\",\n      \"Effect\": \"Allow\",\n      \"Action\": \"sts:AssumeRole\",\n      \"Principal\": {\n        \"Service\": \"monitoring.rds.amazonaws.com\"\n      }\n    }\n  ]\n}",
            "override_json": null,
            "override_policy_documents": null,
            "policy_id": null,
            "source_json": null,
            "source_policy_documents": null,
            "statement": [
              {
                "actions": [
                  "sts:AssumeRole"
                ],
                "condition": [],
                "effect": "Allow",
                "not_actions": [],
                "not_principals": [],
                "not_resources": [],
                "principals": [
                  {
                    "identifiers": [
                      "monitoring.rds.amazonaws.com"
                    ],
                    "type": "Service"
                  }
                ],
                "resources": [],
                "sid": ""
              }
            ],
            "version": "2012-10-17"
          },
          "sensitive_attributes": []
        }
      ]
    },
    {
      "module": "module.db.module.db.module.db_instance",
      "mode": "data",
      "type": "aws_partition",
      "name": "current",
      "provider": "provider[\"registry.terraform.io/hashicorp/aws\"]",
      "instances": [
        {
          "schema_version": 0,
          "attributes": {
            "dns_suffix": "amazonaws.com",
            "id": "aws",
            "partition": "aws",
            "reverse_dns_prefix": "com.amazonaws"
          },
          "sensitive_attributes": []
        }
      ]
    },
    {
      "module": "module.db.module.db.module.db_instance",
      "mode": "managed",
      "type": "aws_db_instance",
      "name": "this",
      "provider": "provider[\"registry.terraform.io/hashicorp/aws\"]",
      "instances": [
        {
          "index_key": 0,
          "schema_version": 1,
          "attributes": {
            "address": "remotify.cugmz4hhdenm.eu-west-1.rds.amazonaws.com",
            "allocated_storage": 10,
            "allow_major_version_upgrade": false,
            "apply_immediately": false,
            "arn": "arn:aws:rds:eu-west-1:002172820271:db:remotify",
            "auto_minor_version_upgrade": true,
            "availability_zone": "eu-west-1c",
            "backup_retention_period": 0,
            "backup_window": "03:00-06:00",
            "ca_cert_identifier": "rds-ca-2019",
            "character_set_name": "",
            "copy_tags_to_snapshot": false,
            "customer_owned_ip_enabled": false,
            "db_subnet_group_name": "remotify-2021112211123619030000000e",
            "delete_automated_backups": true,
            "deletion_protection": false,
            "domain": "",
            "domain_iam_role_name": "",
            "enabled_cloudwatch_logs_exports": [
              "postgresql",
              "upgrade"
            ],
            "endpoint": "remotify.cugmz4hhdenm.eu-west-1.rds.amazonaws.com:5432",
            "engine": "postgres",
            "engine_version": "11.10",
            "engine_version_actual": "11.10",
            "final_snapshot_identifier": "remotify-snapshot",
            "hosted_zone_id": "Z29XKXDKYMONMX",
            "iam_database_authentication_enabled": false,
            "id": "remotify",
            "identifier": "remotify",
            "identifier_prefix": null,
            "instance_class": "db.t2.micro",
            "iops": 0,
            "kms_key_id": "",
            "latest_restorable_time": "0001-01-01T00:00:00Z",
            "license_model": "postgresql-license",
            "maintenance_window": "mon:00:00-mon:03:00",
            "max_allocated_storage": 0,
            "monitoring_interval": 0,
            "monitoring_role_arn": "",
            "multi_az": false,
            "name": "remotify",
            "nchar_character_set_name": "",
            "option_group_name": "default:postgres-11",
            "parameter_group_name": "remotify-20211122111027670100000003",
            "password": "}Kvk5y)\u003e|~~{4E|$\u003eb23bmfsSDI",
            "performance_insights_enabled": false,
            "performance_insights_kms_key_id": "",
            "performance_insights_retention_period": 0,
            "port": 5432,
            "publicly_accessible": false,
            "replica_mode": "",
            "replicas": [],
            "replicate_source_db": "",
            "resource_id": "db-NJHKAXTROZNOUU4Z3L4S3LIIU4",
            "restore_to_point_in_time": [],
            "s3_import": [],
            "security_group_names": null,
            "skip_final_snapshot": false,
            "snapshot_identifier": null,
            "status": "available",
            "storage_encrypted": false,
            "storage_type": "gp2",
            "tags": {
              "Environment": "production",
              "Name": "remotify"
            },
            "tags_all": {
              "Environment": "production",
              "Name": "remotify"
            },
            "timeouts": {
              "create": "40m",
              "delete": "40m",
              "update": "80m"
            },
            "timezone": "",
            "username": "remotify",
            "vpc_security_group_ids": [
              "sg-0b63421de78c5ff95"
            ]
          },
          "sensitive_attributes": [],
          "private": "eyJlMmJmYjczMC1lY2FhLTExZTYtOGY4OC0zNDM2M2JjN2M0YzAiOnsiY3JlYXRlIjoyNDAwMDAwMDAwMDAwLCJkZWxldGUiOjI0MDAwMDAwMDAwMDAsInVwZGF0ZSI6NDgwMDAwMDAwMDAwMH0sInNjaGVtYV92ZXJzaW9uIjoiMSJ9",
          "dependencies": [
            "module.db.aws_security_group.sec_grp_rds",
            "module.db.module.db.module.db_instance.aws_iam_role.enhanced_monitoring",
            "module.db.module.db.module.db_instance.random_id.snapshot_identifier",
            "module.db.module.db.module.db_option_group.aws_db_option_group.this",
            "module.db.module.db.module.db_parameter_group.aws_db_parameter_group.this",
            "module.db.module.db.module.db_subnet_group.aws_db_subnet_group.this",
            "module.db.module.db.random_password.master_password"
          ]
        }
      ]
    },
    {
      "module": "module.db.module.db.module.db_instance",
      "mode": "managed",
      "type": "random_id",
      "name": "snapshot_identifier",
      "provider": "provider[\"registry.terraform.io/hashicorp/random\"]",
      "instances": [
        {
          "index_key": 0,
          "schema_version": 0,
          "attributes": {
            "b64_std": "cbQhXg==",
            "b64_url": "cbQhXg",
            "byte_length": 4,
            "dec": "1907630430",
            "hex": "71b4215e",
            "id": "cbQhXg",
            "keepers": {
              "id": "remotify"
            },
            "prefix": null
          },
          "sensitive_attributes": [],
          "private": "bnVsbA=="
        }
      ]
    },
    {
      "module": "module.db.module.db.module.db_parameter_group",
      "mode": "managed",
      "type": "aws_db_parameter_group",
      "name": "this",
      "provider": "provider[\"registry.terraform.io/hashicorp/aws\"]",
      "instances": [
        {
          "index_key": 0,
          "schema_version": 0,
          "attributes": {
            "arn": "arn:aws:rds:eu-west-1:002172820271:pg:remotify-20211122111027670100000003",
            "description": "remotify parameter group",
            "family": "postgres11",
            "id": "remotify-20211122111027670100000003",
            "name": "remotify-20211122111027670100000003",
            "name_prefix": "remotify-",
            "parameter": [],
            "tags": {
              "Environment": "production",
              "Name": "remotify"
            },
            "tags_all": {
              "Environment": "production",
              "Name": "remotify"
            }
          },
          "sensitive_attributes": [],
          "private": "bnVsbA==",
          "create_before_destroy": true
        }
      ]
    },
    {
      "module": "module.db.module.db.module.db_subnet_group",
      "mode": "managed",
      "type": "aws_db_subnet_group",
      "name": "this",
      "provider": "provider[\"registry.terraform.io/hashicorp/aws\"]",
      "instances": [
        {
          "index_key": 0,
          "schema_version": 0,
          "attributes": {
            "arn": "arn:aws:rds:eu-west-1:002172820271:subgrp:remotify-2021112211123619030000000e",
            "description": "remotify subnet group",
            "id": "remotify-2021112211123619030000000e",
            "name": "remotify-2021112211123619030000000e",
            "name_prefix": "remotify-",
            "subnet_ids": [
              "subnet-05b56466362a7751e",
              "subnet-05f53f164ca43d09e",
              "subnet-060e1f0b98bf34cc0",
              "subnet-06c9398939a85e315",
              "subnet-07b975e592b6d48c2",
              "subnet-0dc15a7c65df6ed0c"
            ],
            "tags": {
              "Environment": "production",
              "Name": "remotify"
            },
            "tags_all": {
              "Environment": "production",
              "Name": "remotify"
            }
          },
          "sensitive_attributes": [],
          "private": "bnVsbA==",
          "dependencies": [
            "module.vpc.module.vpc.data.aws_vpc_endpoint_service.sns",
            "module.vpc.module.vpc.aws_network_acl_rule.intra_outbound",
            "module.vpc.module.vpc.data.aws_vpc_endpoint_service.access_analyzer",
            "module.vpc.module.vpc.data.aws_vpc_endpoint_service.codedeploy",
            "module.vpc.module.vpc.data.aws_vpc_endpoint_service.sagemaker_notebook",
            "module.vpc.module.vpc.aws_vpc_endpoint.cloudformation",
            "module.vpc.module.vpc.data.aws_vpc_endpoint_service.codepipeline",
            "module.vpc.module.vpc.data.aws_vpc_endpoint_service.ec2",
            "module.vpc.module.vpc.aws_route.public_internet_gateway_ipv6",
            "module.vpc.module.vpc.aws_vpc_endpoint.athena",
            "module.vpc.module.vpc.data.aws_vpc_endpoint_service.appstream_streaming",
            "module.vpc.module.vpc.aws_vpc_endpoint_route_table_association.public_dynamodb",
            "module.vpc.module.vpc.aws_vpc_endpoint.sagemaker_notebook",
            "module.vpc.module.vpc.aws_vpc_endpoint.sagemaker_api",
            "module.vpc.module.vpc.data.aws_vpc_endpoint_service.git_codecommit",
            "module.vpc.module.vpc.data.aws_vpc_endpoint_service.storagegateway",
            "module.vpc.module.vpc.aws_vpn_gateway_route_propagation.private",
            "module.vpc.module.vpc.data.aws_vpc_endpoint_service.logs",
            "module.vpc.module.vpc.aws_customer_gateway.this",
            "module.vpc.module.vpc.aws_vpc_endpoint.secretsmanager",
            "module.vpc.module.vpc.aws_vpc_endpoint.apigw",
            "module.vpc.module.vpc.aws_vpc_endpoint.cloud_directory",
            "module.vpc.module.vpc.data.aws_vpc_endpoint_service.athena",
            "module.vpc.module.vpc.data.aws_vpc_endpoint_service.kms",
            "module.vpc.module.vpc.aws_default_vpc.this",
            "module.vpc.module.vpc.aws_vpc_endpoint.codeartifact_repositories",
            "module.vpc.module.vpc.aws_vpc_endpoint_route_table_association.intra_dynamodb",
            "module.vpc.module.vpc.aws_vpc_ipv4_cidr_block_association.this",
            "module.vpc.module.vpc.aws_vpc_endpoint.rekognition",
            "module.vpc.module.vpc.data.aws_vpc_endpoint_service.textract",
            "module.vpc.module.vpc.aws_vpc_endpoint.appstream_streaming",
            "module.vpc.module.vpc.data.aws_vpc_endpoint_service.cloudformation",
            "module.vpc.module.vpc.data.aws_vpc_endpoint_service.servicecatalog",
            "module.vpc.module.vpc.aws_elasticache_subnet_group.elasticache",
            "module.vpc.module.vpc.aws_vpc_endpoint.ec2messages",
            "module.vpc.module.vpc.data.aws_vpc_endpoint_service.emr",
            "module.vpc.module.vpc.aws_vpc_endpoint.s3",
            "module.vpc.module.vpc.aws_vpc_endpoint.ssm",
            "module.vpc.module.vpc.aws_flow_log.this",
            "module.vpc.module.vpc.aws_network_acl.public",
            "module.vpc.module.vpc.aws_network_acl_rule.elasticache_outbound",
            "module.vpc.module.vpc.data.aws_vpc_endpoint_service.cloudtrail",
            "module.vpc.module.vpc.aws_network_acl.intra",
            "module.vpc.module.vpc.aws_subnet.intra",
            "module.vpc.module.vpc.aws_vpc_endpoint.codecommit",
            "module.vpc.module.vpc.aws_vpc_endpoint.ec2_autoscaling",
            "module.vpc.module.vpc.aws_vpc_endpoint.elasticbeanstalk_health",
            "module.vpc.module.vpc.aws_vpc_endpoint.events",
            "module.vpc.module.vpc.aws_network_acl_rule.redshift_outbound",
            "module.vpc.module.vpc.aws_subnet.elasticache",
            "module.vpc.module.vpc.aws_vpc_dhcp_options_association.this",
            "module.vpc.module.vpc.aws_vpc_endpoint.codeartifact_api",
            "module.vpc.module.vpc.aws_vpc_endpoint.storagegateway",
            "module.vpc.module.vpc.data.aws_vpc_endpoint_service.ssm",
            "module.vpc.module.vpc.aws_route_table_association.database",
            "module.vpc.module.vpc.aws_vpc_endpoint.ecr_api",
            "module.vpc.module.vpc.aws_vpc_endpoint.sms",
            "module.vpc.module.vpc.aws_vpc_endpoint.kms",
            "module.vpc.module.vpc.aws_vpc_endpoint.transfer",
            "module.vpc.module.vpc.data.aws_vpc_endpoint_service.ecs",
            "module.vpc.module.vpc.aws_egress_only_internet_gateway.this",
            "module.vpc.module.vpc.aws_route_table.redshift",
            "module.vpc.module.vpc.aws_vpn_gateway.this",
            "module.vpc.module.vpc.data.aws_vpc_endpoint_service.kinesis_streams",
            "module.vpc.module.vpc.data.aws_vpc_endpoint_service.monitoring",
            "module.vpc.data.aws_availability_zones.available",
            "module.vpc.module.vpc.aws_vpc_endpoint.auto_scaling_plans",
            "module.vpc.module.vpc.aws_vpc_endpoint.ec2",
            "module.vpc.module.vpc.data.aws_vpc_endpoint_service.acm_pca",
            "module.vpc.module.vpc.data.aws_vpc_endpoint_service.ecr_dkr",
            "module.vpc.module.vpc.aws_vpc_endpoint.ses",
            "module.vpc.module.vpc.aws_iam_role_policy_attachment.vpc_flow_log_cloudwatch",
            "module.vpc.module.vpc.aws_vpc_endpoint.appmesh_envoy_management",
            "module.vpc.module.vpc.aws_vpc_endpoint.cloudtrail",
            "module.vpc.module.vpc.aws_db_subnet_group.database",
            "module.vpc.module.vpc.aws_vpc_endpoint.datasync",
            "module.vpc.module.vpc.data.aws_vpc_endpoint_service.sagemaker_runtime",
            "module.vpc.module.vpc.data.aws_vpc_endpoint_service.appstream_api",
            "module.vpc.module.vpc.aws_vpc_endpoint.ecs_telemetry",
            "module.vpc.module.vpc.aws_vpc_endpoint.logs",
            "module.vpc.module.vpc.aws_vpc_endpoint_route_table_association.public_s3",
            "module.vpc.module.vpc.aws_vpc_endpoint.appstream_api",
            "module.vpc.module.vpc.data.aws_vpc_endpoint_service.config",
            "data.aws_subnet_ids.private",
            "module.vpc.module.vpc.aws_network_acl_rule.public_outbound",
            "module.vpc.module.vpc.aws_vpc_dhcp_options.this",
            "module.vpc.module.vpc.data.aws_vpc_endpoint_service.events",
            "module.vpc.module.vpc.data.aws_vpc_endpoint_service.transferserver",
            "module.vpc.module.vpc.data.aws_vpc_endpoint_service.states",
            "module.vpc.module.vpc.aws_route.public_internet_gateway",
            "module.vpc.module.vpc.aws_vpc_endpoint.codebuild",
            "module.vpc.module.vpc.aws_vpc_endpoint.qldb_session",
            "module.vpc.module.vpc.data.aws_vpc_endpoint_service.lambda",
            "module.vpc.module.vpc.data.aws_vpc_endpoint_service.rekognition",
            "module.vpc.module.vpc.data.aws_vpc_endpoint_service.ecr_api",
            "module.vpc.module.vpc.aws_route.private_nat_gateway",
            "module.vpc.module.vpc.aws_vpc_endpoint.efs",
            "module.vpc.module.vpc.aws_vpc_endpoint.glue",
            "module.vpc.module.vpc.data.aws_vpc_endpoint_service.apigw",
            "module.vpc.module.vpc.data.aws_vpc_endpoint_service.elasticloadbalancing",
            "module.vpc.module.vpc.data.aws_vpc_endpoint_service.transfer",
            "module.vpc.module.vpc.aws_cloudwatch_log_group.flow_log",
            "module.vpc.module.vpc.aws_vpc_endpoint.sqs",
            "module.vpc.module.vpc.aws_vpc_endpoint.transferserver",
            "module.vpc.module.vpc.data.aws_vpc_endpoint_service.elasticbeanstalk",
            "module.vpc.module.vpc.data.aws_vpc_endpoint_service.glue",
            "module.vpc.module.vpc.aws_vpc.this",
            "module.vpc.module.vpc.aws_vpc_endpoint.config",
            "module.vpc.module.vpc.aws_vpc_endpoint.kinesis_streams",
            "module.vpc.module.vpc.data.aws_vpc_endpoint_service.ebs",
            "module.vpc.module.vpc.aws_route_table_association.redshift",
            "module.vpc.module.vpc.aws_vpc_endpoint.states",
            "module.vpc.module.vpc.aws_vpc_endpoint.sts",
            "module.vpc.module.vpc.aws_vpc_endpoint_route_table_association.private_s3",
            "module.vpc.module.vpc.data.aws_vpc_endpoint_service.datasync",
            "module.vpc.module.vpc.aws_eip.nat",
            "module.vpc.module.vpc.aws_route_table_association.public",
            "module.vpc.module.vpc.aws_vpc_endpoint.emr",
            "module.vpc.module.vpc.aws_network_acl.redshift",
            "module.vpc.module.vpc.data.aws_vpc_endpoint_service.sms",
            "module.vpc.module.vpc.aws_vpc_endpoint.sagemaker_runtime",
            "module.vpc.module.vpc.data.aws_vpc_endpoint_service.ecs_agent",
            "module.vpc.module.vpc.data.aws_vpc_endpoint_service.ssmmessages",
            "module.vpc.module.vpc.aws_iam_policy.vpc_flow_log_cloudwatch",
            "module.vpc.module.vpc.aws_route_table.intra",
            "module.vpc.module.vpc.aws_route_table.public",
            "module.vpc.module.vpc.aws_vpn_gateway_route_propagation.public",
            "module.vpc.module.vpc.data.aws_vpc_endpoint_service.ecs_telemetry",
            "module.vpc.module.vpc.aws_network_acl_rule.private_outbound",
            "module.vpc.module.vpc.data.aws_vpc_endpoint_service.elastic_inference_runtime",
            "module.vpc.module.vpc.data.aws_vpc_endpoint_service.s3",
            "module.vpc.module.vpc.aws_network_acl.elasticache",
            "module.vpc.module.vpc.aws_route_table.database",
            "module.vpc.module.vpc.aws_vpc_endpoint.acm_pca",
            "module.vpc.module.vpc.data.aws_vpc_endpoint_service.elasticbeanstalk_health",
            "module.vpc.module.vpc.aws_network_acl_rule.database_outbound",
            "module.vpc.module.vpc.aws_network_acl_rule.private_inbound",
            "module.vpc.module.vpc.aws_vpc_endpoint.ecs",
            "module.vpc.module.vpc.data.aws_vpc_endpoint_service.sqs",
            "module.vpc.module.vpc.aws_route.database_ipv6_egress",
            "module.vpc.module.vpc.aws_route_table.private",
            "module.vpc.module.vpc.data.aws_iam_policy_document.flow_log_cloudwatch_assume_role",
            "module.vpc.module.vpc.data.aws_vpc_endpoint_service.sts",
            "module.vpc.module.vpc.aws_iam_role.vpc_flow_log_cloudwatch",
            "module.vpc.module.vpc.aws_vpc_endpoint.codedeploy",
            "module.vpc.module.vpc.data.aws_vpc_endpoint_service.codedeploy_commands_secure",
            "module.vpc.module.vpc.aws_vpc_endpoint.elasticloadbalancing",
            "module.vpc.module.vpc.aws_vpc_endpoint.lambda",
            "module.vpc.module.vpc.data.aws_vpc_endpoint_service.kinesis_firehose",
            "module.vpc.module.vpc.aws_network_acl_rule.database_inbound",
            "module.vpc.module.vpc.aws_network_acl_rule.intra_inbound",
            "module.vpc.module.vpc.aws_vpc_endpoint.dynamodb",
            "module.vpc.module.vpc.data.aws_vpc_endpoint_service.cloud_directory",
            "module.vpc.module.vpc.data.aws_vpc_endpoint_service.workspaces",
            "module.vpc.module.vpc.aws_network_acl_rule.elasticache_inbound",
            "module.vpc.module.vpc.aws_vpc_endpoint.codepipeline",
            "module.vpc.module.vpc.aws_vpc_endpoint.sns",
            "module.vpc.module.vpc.aws_vpn_gateway_attachment.this",
            "module.vpc.module.vpc.aws_vpc_endpoint.workspaces",
            "module.vpc.module.vpc.aws_vpc_endpoint_route_table_association.private_dynamodb",
            "module.vpc.module.vpc.aws_network_acl.private",
            "module.vpc.module.vpc.aws_vpc_endpoint.access_analyzer",
            "module.vpc.module.vpc.aws_vpc_endpoint.rds",
            "module.vpc.module.vpc.aws_vpc_endpoint_route_table_association.intra_s3",
            "module.vpc.module.vpc.data.aws_vpc_endpoint_service.ses",
            "module.vpc.module.vpc.aws_route_table_association.redshift_public",
            "module.vpc.module.vpc.aws_vpc_endpoint.git_codecommit",
            "module.vpc.module.vpc.data.aws_vpc_endpoint_service.ec2messages",
            "module.vpc.module.vpc.aws_network_acl_rule.public_inbound",
            "module.vpc.module.vpc.data.aws_vpc_endpoint_service.dynamodb",
            "module.vpc.module.vpc.data.aws_vpc_endpoint_service.efs",
            "module.vpc.module.vpc.aws_route_table_association.private",
            "module.vpc.module.vpc.aws_vpc_endpoint.codedeploy_commands_secure",
            "module.vpc.module.vpc.aws_vpc_endpoint.textract",
            "module.vpc.module.vpc.aws_vpc_endpoint.elastic_inference_runtime",
            "module.vpc.module.vpc.aws_vpc_endpoint.ssmmessages",
            "module.vpc.module.vpc.data.aws_vpc_endpoint_service.auto_scaling_plans",
            "module.vpc.module.vpc.data.aws_vpc_endpoint_service.appmesh_envoy_management",
            "module.vpc.module.vpc.data.aws_vpc_endpoint_service.codeartifact_repositories",
            "module.vpc.module.vpc.aws_vpc_endpoint.elasticbeanstalk",
            "module.vpc.module.vpc.aws_vpc_endpoint.monitoring",
            "module.vpc.module.vpc.aws_nat_gateway.this",
            "module.vpc.module.vpc.aws_subnet.redshift",
            "module.vpc.module.vpc.aws_vpc_endpoint.ecr_dkr",
            "module.vpc.module.vpc.aws_route.private_ipv6_egress",
            "module.vpc.module.vpc.aws_vpc_endpoint.kinesis_firehose",
            "module.vpc.module.vpc.aws_network_acl.database",
            "module.vpc.module.vpc.aws_network_acl_rule.redshift_inbound",
            "module.vpc.module.vpc.aws_redshift_subnet_group.redshift",
            "module.vpc.module.vpc.aws_default_security_group.this",
            "module.vpc.module.vpc.data.aws_vpc_endpoint_service.codeartifact_api",
            "module.vpc.module.vpc.data.aws_vpc_endpoint_service.sagemaker_api",
            "module.vpc.module.vpc.aws_subnet.private",
            "module.vpc.module.vpc.aws_vpc_endpoint.ebs",
            "module.vpc.module.vpc.data.aws_vpc_endpoint_service.qldb_session",
            "module.vpc.module.vpc.aws_default_network_acl.this",
            "module.vpc.module.vpc.aws_route_table_association.elasticache",
            "module.vpc.module.vpc.aws_subnet.database",
            "module.vpc.module.vpc.data.aws_vpc_endpoint_service.rds",
            "module.vpc.module.vpc.aws_route.database_internet_gateway",
            "module.vpc.module.vpc.aws_route_table.elasticache",
            "module.vpc.module.vpc.aws_vpc_endpoint.servicecatalog",
            "module.vpc.module.vpc.data.aws_iam_policy_document.vpc_flow_log_cloudwatch",
            "module.vpc.module.vpc.data.aws_vpc_endpoint_service.codebuild",
            "module.vpc.module.vpc.data.aws_vpc_endpoint_service.ec2_autoscaling",
            "module.vpc.module.vpc.data.aws_vpc_endpoint_service.secretsmanager",
            "module.vpc.module.vpc.aws_route.database_nat_gateway",
            "module.vpc.module.vpc.aws_vpc_endpoint.ecs_agent",
            "module.vpc.module.vpc.aws_vpn_gateway_route_propagation.intra",
            "module.vpc.module.vpc.aws_subnet.public",
            "module.vpc.module.vpc.data.aws_vpc_endpoint_service.codecommit",
            "module.vpc.module.vpc.aws_internet_gateway.this",
            "module.vpc.module.vpc.aws_route_table_association.intra"
          ]
        }
      ]
    },
    {
      "module": "module.ecr_respositories",
      "mode": "managed",
      "type": "aws_ecr_repository",
      "name": "auth",
      "provider": "provider[\"registry.terraform.io/hashicorp/aws\"]",
      "instances": [
        {
          "schema_version": 0,
          "attributes": {
            "arn": "arn:aws:ecr:eu-west-1:002172820271:repository/auth",
            "encryption_configuration": [
              {
                "encryption_type": "AES256",
                "kms_key": ""
              }
            ],
            "id": "auth",
            "image_scanning_configuration": [
              {
                "scan_on_push": true
              }
            ],
            "image_tag_mutability": "IMMUTABLE",
            "name": "auth",
            "registry_id": "002172820271",
            "repository_url": "002172820271.dkr.ecr.eu-west-1.amazonaws.com/auth",
            "tags": {},
            "tags_all": {},
            "timeouts": null
          },
          "sensitive_attributes": [],
          "private": "eyJlMmJmYjczMC1lY2FhLTExZTYtOGY4OC0zNDM2M2JjN2M0YzAiOnsiZGVsZXRlIjoxMjAwMDAwMDAwMDAwfX0="
        }
      ]
    },
    {
      "module": "module.eks",
      "mode": "data",
      "type": "aws_eks_cluster",
      "name": "cluster",
      "provider": "provider[\"registry.terraform.io/hashicorp/aws\"]",
      "instances": [
        {
          "schema_version": 0,
          "attributes": {
            "arn": "arn:aws:eks:eu-west-1:002172820271:cluster/eks-remotify-production",
            "certificate_authority": [
              {
                "data": "LS0tLS1CRUdJTiBDRVJUSUZJQ0FURS0tLS0tCk1JSUM1ekNDQWMrZ0F3SUJBZ0lCQURBTkJna3Foa2lHOXcwQkFRc0ZBREFWTVJNd0VRWURWUVFERXdwcmRXSmwKY201bGRHVnpNQjRYRFRJeE1URXlNakV4TVRjd01sb1hEVE14TVRFeU1ERXhNVGN3TWxvd0ZURVRNQkVHQTFVRQpBeE1LYTNWaVpYSnVaWFJsY3pDQ0FTSXdEUVlKS29aSWh2Y05BUUVCQlFBRGdnRVBBRENDQVFvQ2dnRUJBT0NWCmtQSGdENVVKOWNTTzlpNGxNdmphMkhXTm5CMmp1SytxSUNPK210RXpIQzVjbTlLejFRZUNaZVRaUWlIYlV2REIKeTcxcXJQM1pXU25MSm11R25xQTh2VGY5YUtQemR1dE1zOWFRZTBLbjBkMHNaOXEvSU1mMm5WSXl5b3pCdlpnbApWclRIUUgwbGNrc0hYc09waWphdTdWMEtiajRzbmZlZ1BUZXZCRWlYSGNPNm9jM2pnaHJkRzd4V2lNVkVGVm5tCjRQR1lld3hzaWcyczF4cXVHaDdWZkRZcnc0MzJuSFpScXZ1dkw0amxTRmorUGMxcHE1OGYxQnpHZE51Yk16cnoKdGw1VVlXKzZDU01sdGV6RE12emR4VTBna0E1WkVjK2dWYkQvV1UvbU5DcFpKYmdJbFN1aWJYcEQxVVkxUllObApCenhLMGd2QkdsV3NBYUZQZzhjQ0F3RUFBYU5DTUVBd0RnWURWUjBQQVFIL0JBUURBZ0trTUE4R0ExVWRFd0VCCi93UUZNQU1CQWY4d0hRWURWUjBPQkJZRUZBdWc5dUdia0k3SEMraEU1c0lGREM1b3dIQ3lNQTBHQ1NxR1NJYjMKRFFFQkN3VUFBNElCQVFDQ1lIN2h4SDlBSlNWL05QMUNFa1VxY3hmU242MEJ0V2d3a0I4Z2Q0Y21RMlQ1RGVUZApiVjQ0bTZOVlp0M3EvaEFyY0JnZUIvU2FUVlpVZDEvN2x5RzVJT0w4S3pnYkljZVk4L0o5RkFsbDFiZDYxOG5rCmtxSVVnS0NHK1J1U25ZM2txWUw0QjE4YWYrbnZPUEVrKzFtQWxaMHRlQ1NhVlN1TGJITU11ZEhUMVpzUkJUaVIKZm5zeEJsVGk4SXJXL0ZES1lZMkRXUTl1dWRseTd0WDB0LzFhajN3NVVBMlgyOXByMUZyUlFaeWYwOTFVazE4Vwp3ZlFPcVd3QW42cXMzRXVOa1VPU09rMXduRTVSb3Y3LzBsVkx1TXdlR3lsVVd2eHRvckpSUDlRN2lYWGxqTzBVCnNnQUZ0NWhwTmVrMU9obkNDenl4RmNqaUdVNk8vdlhMK0xKSgotLS0tLUVORCBDRVJUSUZJQ0FURS0tLS0tCg=="
              }
            ],
            "created_at": "2021-11-22 11:10:50.73 +0000 UTC",
            "enabled_cluster_log_types": [],
            "endpoint": "https://A138DD64AE021CF48713C181236DC1DA.gr7.eu-west-1.eks.amazonaws.com",
            "id": "eks-remotify-production",
            "identity": [
              {
                "oidc": [
                  {
                    "issuer": "https://oidc.eks.eu-west-1.amazonaws.com/id/A138DD64AE021CF48713C181236DC1DA"
                  }
                ]
              }
            ],
            "kubernetes_network_config": [
              {
                "service_ipv4_cidr": "172.20.0.0/16"
              }
            ],
            "name": "eks-remotify-production",
            "platform_version": "eks.3",
            "role_arn": "arn:aws:iam::002172820271:role/eks-remotify-production20211122111027669900000002",
            "status": "ACTIVE",
            "tags": {
              "Environment": "production",
              "GithubOrg": "terraform-aws-modules",
              "GithubRepo": "terraform-aws-eks"
            },
            "version": "1.21",
            "vpc_config": [
              {
                "cluster_security_group_id": "sg-03cace1f8fd0e61bc",
                "endpoint_private_access": false,
                "endpoint_public_access": true,
                "public_access_cidrs": [
                  "0.0.0.0/0"
                ],
                "security_group_ids": [
                  "sg-089cee8ac6204b474"
                ],
                "subnet_ids": [
                  "subnet-05f53f164ca43d09e",
                  "subnet-060e1f0b98bf34cc0",
                  "subnet-06c9398939a85e315"
                ],
                "vpc_id": "vpc-0e9e6c2edc1d1553a"
              }
            ]
          },
          "sensitive_attributes": []
        }
      ]
    },
    {
      "module": "module.eks",
      "mode": "data",
      "type": "aws_eks_cluster_auth",
      "name": "cluster",
      "provider": "provider[\"registry.terraform.io/hashicorp/aws\"]",
      "instances": [
        {
          "schema_version": 0,
          "attributes": {
            "id": "eks-remotify-production",
            "name": "eks-remotify-production",
            "token": "k8s-aws-v1.aHR0cHM6Ly9zdHMuYW1hem9uYXdzLmNvbS8_QWN0aW9uPUdldENhbGxlcklkZW50aXR5JlZlcnNpb249MjAxMS0wNi0xNSZYLUFtei1BbGdvcml0aG09QVdTNC1ITUFDLVNIQTI1NiZYLUFtei1DcmVkZW50aWFsPUFLSUFRQkFNQ1RNWFhaTzdBS0lOJTJGMjAyMTExMjIlMkZ1cy1lYXN0LTElMkZzdHMlMkZhd3M0X3JlcXVlc3QmWC1BbXotRGF0ZT0yMDIxMTEyMlQxOTMyNDZaJlgtQW16LUV4cGlyZXM9MCZYLUFtei1TaWduZWRIZWFkZXJzPWhvc3QlM0J4LWs4cy1hd3MtaWQmWC1BbXotU2lnbmF0dXJlPTMyNGNkZDI1ZmY3NWJkYzM3MjRkNzE2MzM3NTZkZWZiMjIwODRmNGFhZGU2YzE4NDA5ODI5MTg1MzM5YmFhYjg"
          },
          "sensitive_attributes": []
        }
      ]
    },
    {
      "module": "module.eks",
      "mode": "managed",
      "type": "aws_iam_role",
      "name": "eks_s3_access",
      "provider": "provider[\"registry.terraform.io/hashicorp/aws\"]",
      "instances": [
        {
          "schema_version": 0,
          "attributes": {
            "arn": "arn:aws:iam::002172820271:role/eks-cluster-s3-access",
            "assume_role_policy": "{\"Version\":\"2012-10-17\",\"Statement\":[{\"Effect\":\"Allow\",\"Principal\":{\"Service\":\"eks.amazonaws.com\"},\"Action\":\"sts:AssumeRole\"}]}",
            "create_date": "2021-11-22T11:10:28Z",
            "description": "",
            "force_detach_policies": false,
            "id": "eks-cluster-s3-access",
            "inline_policy": [
              {
                "name": "",
                "policy": ""
              }
            ],
            "managed_policy_arns": [
              "arn:aws:iam::aws:policy/AmazonS3FullAccess"
            ],
            "max_session_duration": 3600,
            "name": "eks-cluster-s3-access",
            "name_prefix": "",
            "path": "/",
            "permissions_boundary": null,
            "tags": {},
            "tags_all": {},
            "unique_id": "AROAQBAMCTMXUMN52NMOY"
          },
          "sensitive_attributes": [],
          "private": "bnVsbA==",
          "create_before_destroy": true
        }
      ]
    },
    {
      "module": "module.eks",
      "mode": "managed",
      "type": "aws_iam_role_policy_attachment",
      "name": "eks-AmazonS3FullAccess",
      "provider": "provider[\"registry.terraform.io/hashicorp/aws\"]",
      "instances": [
        {
          "schema_version": 0,
          "attributes": {
            "id": "eks-cluster-s3-access-20211122111030643700000005",
            "policy_arn": "arn:aws:iam::aws:policy/AmazonS3FullAccess",
            "role": "eks-cluster-s3-access"
          },
          "sensitive_attributes": [],
          "private": "bnVsbA==",
          "dependencies": [
            "module.eks.aws_iam_role.eks_s3_access"
          ]
        }
      ]
    },
    {
      "module": "module.eks",
      "mode": "managed",
      "type": "aws_security_group",
      "name": "all_worker_mgmt",
      "provider": "provider[\"registry.terraform.io/hashicorp/aws\"]",
      "instances": [
        {
          "schema_version": 1,
          "attributes": {
            "arn": "arn:aws:ec2:eu-west-1:002172820271:security-group/sg-0772f55bfdfd62c7c",
            "description": "Managed by Terraform",
            "egress": [],
            "id": "sg-0772f55bfdfd62c7c",
            "ingress": [
              {
                "cidr_blocks": [
                  "10.0.0.0/8",
                  "172.16.0.0/12",
                  "192.168.0.0/16"
                ],
                "description": "",
                "from_port": 22,
                "ipv6_cidr_blocks": [],
                "prefix_list_ids": [],
                "protocol": "tcp",
                "security_groups": [],
                "self": false,
                "to_port": 22
              }
            ],
            "name": "all_worker_management20211122111044593000000009",
            "name_prefix": "all_worker_management",
            "owner_id": "002172820271",
            "revoke_rules_on_delete": false,
            "tags": {},
            "tags_all": {},
            "timeouts": null,
            "vpc_id": "vpc-0e9e6c2edc1d1553a"
          },
          "sensitive_attributes": [],
          "private": "eyJlMmJmYjczMC1lY2FhLTExZTYtOGY4OC0zNDM2M2JjN2M0YzAiOnsiY3JlYXRlIjo2MDAwMDAwMDAwMDAsImRlbGV0ZSI6OTAwMDAwMDAwMDAwfSwic2NoZW1hX3ZlcnNpb24iOiIxIn0=",
          "dependencies": [
            "module.vpc.module.vpc.aws_vpc.this"
          ],
          "create_before_destroy": true
        }
      ]
    },
    {
      "module": "module.eks",
      "mode": "managed",
      "type": "aws_security_group",
      "name": "worker_group_mgmt_one",
      "provider": "provider[\"registry.terraform.io/hashicorp/aws\"]",
      "instances": [
        {
          "schema_version": 1,
          "attributes": {
            "arn": "arn:aws:ec2:eu-west-1:002172820271:security-group/sg-0d9f461602709db4e",
            "description": "Managed by Terraform",
            "egress": [],
            "id": "sg-0d9f461602709db4e",
            "ingress": [
              {
                "cidr_blocks": [
                  "10.0.0.0/8"
                ],
                "description": "",
                "from_port": 22,
                "ipv6_cidr_blocks": [],
                "prefix_list_ids": [],
                "protocol": "tcp",
                "security_groups": [],
                "self": false,
                "to_port": 22
              }
            ],
            "name": "worker_group_mgmt_one2021112211104459680000000c",
            "name_prefix": "worker_group_mgmt_one",
            "owner_id": "002172820271",
            "revoke_rules_on_delete": false,
            "tags": {
              "Environment": "production"
            },
            "tags_all": {
              "Environment": "production"
            },
            "timeouts": null,
            "vpc_id": "vpc-0e9e6c2edc1d1553a"
          },
          "sensitive_attributes": [],
          "private": "eyJlMmJmYjczMC1lY2FhLTExZTYtOGY4OC0zNDM2M2JjN2M0YzAiOnsiY3JlYXRlIjo2MDAwMDAwMDAwMDAsImRlbGV0ZSI6OTAwMDAwMDAwMDAwfSwic2NoZW1hX3ZlcnNpb24iOiIxIn0=",
          "dependencies": [
            "module.vpc.module.vpc.aws_vpc.this"
          ],
          "create_before_destroy": true
        }
      ]
    },
    {
      "module": "module.eks",
      "mode": "managed",
      "type": "aws_security_group",
      "name": "worker_group_mgmt_two",
      "provider": "provider[\"registry.terraform.io/hashicorp/aws\"]",
      "instances": [
        {
          "schema_version": 1,
          "attributes": {
            "arn": "arn:aws:ec2:eu-west-1:002172820271:security-group/sg-0ba907ace879f392a",
            "description": "Managed by Terraform",
            "egress": [],
            "id": "sg-0ba907ace879f392a",
            "ingress": [
              {
                "cidr_blocks": [
                  "192.168.0.0/16"
                ],
                "description": "",
                "from_port": 22,
                "ipv6_cidr_blocks": [],
                "prefix_list_ids": [],
                "protocol": "tcp",
                "security_groups": [],
                "self": false,
                "to_port": 22
              }
            ],
            "name": "worker_group_mgmt_two2021112211104459300000000a",
            "name_prefix": "worker_group_mgmt_two",
            "owner_id": "002172820271",
            "revoke_rules_on_delete": false,
            "tags": {
              "Environment": "production"
            },
            "tags_all": {
              "Environment": "production"
            },
            "timeouts": null,
            "vpc_id": "vpc-0e9e6c2edc1d1553a"
          },
          "sensitive_attributes": [],
          "private": "eyJlMmJmYjczMC1lY2FhLTExZTYtOGY4OC0zNDM2M2JjN2M0YzAiOnsiY3JlYXRlIjo2MDAwMDAwMDAwMDAsImRlbGV0ZSI6OTAwMDAwMDAwMDAwfSwic2NoZW1hX3ZlcnNpb24iOiIxIn0=",
          "dependencies": [
            "module.vpc.module.vpc.aws_vpc.this"
          ]
        }
      ]
    },
    {
      "module": "module.eks.module.eks",
      "mode": "data",
      "type": "aws_ami",
      "name": "eks_worker",
      "provider": "provider[\"registry.terraform.io/hashicorp/aws\"]",
      "instances": [
        {
          "index_key": 0,
          "schema_version": 0,
          "attributes": {
            "architecture": "x86_64",
            "arn": "arn:aws:ec2:eu-west-1::image/ami-0918791b0c01fc977",
            "block_device_mappings": [
              {
                "device_name": "/dev/xvda",
                "ebs": {
                  "delete_on_termination": "true",
                  "encrypted": "false",
                  "iops": "0",
                  "snapshot_id": "snap-0f598070b4224c98b",
                  "throughput": "0",
                  "volume_size": "20",
                  "volume_type": "gp2"
                },
                "no_device": "",
                "virtual_name": ""
              }
            ],
            "creation_date": "2021-11-18T03:56:25.000Z",
            "description": "EKS Kubernetes Worker AMI with AmazonLinux2 image, (k8s: 1.21.5, docker: 20.10.7-5.amzn2, containerd: 1.4.6-7.amzn2)",
            "ena_support": true,
            "executable_users": null,
            "filter": [
              {
                "name": "name",
                "values": [
                  "amazon-eks-node-1.21-v*"
                ]
              }
            ],
            "hypervisor": "xen",
            "id": "ami-0918791b0c01fc977",
            "image_id": "ami-0918791b0c01fc977",
            "image_location": "amazon/amazon-eks-node-1.21-v20211117",
            "image_owner_alias": "amazon",
            "image_type": "machine",
            "kernel_id": null,
            "most_recent": true,
            "name": "amazon-eks-node-1.21-v20211117",
            "name_regex": null,
            "owner_id": "602401143452",
            "owners": [
              "amazon"
            ],
            "platform": null,
            "platform_details": "Linux/UNIX",
            "product_codes": [],
            "public": true,
            "ramdisk_id": null,
            "root_device_name": "/dev/xvda",
            "root_device_type": "ebs",
            "root_snapshot_id": "snap-0f598070b4224c98b",
            "sriov_net_support": "simple",
            "state": "available",
            "state_reason": {
              "code": "UNSET",
              "message": "UNSET"
            },
            "tags": {},
            "usage_operation": "RunInstances",
            "virtualization_type": "hvm"
          },
          "sensitive_attributes": []
        }
      ]
    },
    {
      "module": "module.eks.module.eks",
      "mode": "data",
      "type": "aws_caller_identity",
      "name": "current",
      "provider": "provider[\"registry.terraform.io/hashicorp/aws\"]",
      "instances": [
        {
          "schema_version": 0,
          "attributes": {
            "account_id": "002172820271",
            "arn": "arn:aws:iam::002172820271:user/terraform",
            "id": "002172820271",
            "user_id": "AIDAQBAMCTMXRRV6HUYHF"
          },
          "sensitive_attributes": []
        }
      ]
    },
    {
      "module": "module.eks.module.eks",
      "mode": "data",
      "type": "aws_iam_policy_document",
      "name": "cluster_assume_role_policy",
      "provider": "provider[\"registry.terraform.io/hashicorp/aws\"]",
      "instances": [
        {
          "schema_version": 0,
          "attributes": {
            "id": "2764486067",
            "json": "{\n  \"Version\": \"2012-10-17\",\n  \"Statement\": [\n    {\n      \"Sid\": \"EKSClusterAssumeRole\",\n      \"Effect\": \"Allow\",\n      \"Action\": \"sts:AssumeRole\",\n      \"Principal\": {\n        \"Service\": \"eks.amazonaws.com\"\n      }\n    }\n  ]\n}",
            "override_json": null,
            "override_policy_documents": null,
            "policy_id": null,
            "source_json": null,
            "source_policy_documents": null,
            "statement": [
              {
                "actions": [
                  "sts:AssumeRole"
                ],
                "condition": [],
                "effect": "Allow",
                "not_actions": [],
                "not_principals": [],
                "not_resources": [],
                "principals": [
                  {
                    "identifiers": [
                      "eks.amazonaws.com"
                    ],
                    "type": "Service"
                  }
                ],
                "resources": [],
                "sid": "EKSClusterAssumeRole"
              }
            ],
            "version": "2012-10-17"
          },
          "sensitive_attributes": []
        }
      ]
    },
    {
      "module": "module.eks.module.eks",
      "mode": "data",
      "type": "aws_iam_policy_document",
      "name": "cluster_elb_sl_role_creation",
      "provider": "provider[\"registry.terraform.io/hashicorp/aws\"]",
      "instances": [
        {
          "index_key": 0,
          "schema_version": 0,
          "attributes": {
            "id": "3709839417",
            "json": "{\n  \"Version\": \"2012-10-17\",\n  \"Statement\": [\n    {\n      \"Sid\": \"\",\n      \"Effect\": \"Allow\",\n      \"Action\": [\n        \"ec2:DescribeInternetGateways\",\n        \"ec2:DescribeAddresses\",\n        \"ec2:DescribeAccountAttributes\"\n      ],\n      \"Resource\": \"*\"\n    }\n  ]\n}",
            "override_json": null,
            "override_policy_documents": null,
            "policy_id": null,
            "source_json": null,
            "source_policy_documents": null,
            "statement": [
              {
                "actions": [
                  "ec2:DescribeAccountAttributes",
                  "ec2:DescribeAddresses",
                  "ec2:DescribeInternetGateways"
                ],
                "condition": [],
                "effect": "Allow",
                "not_actions": [],
                "not_principals": [],
                "not_resources": [],
                "principals": [],
                "resources": [
                  "*"
                ],
                "sid": ""
              }
            ],
            "version": "2012-10-17"
          },
          "sensitive_attributes": []
        }
      ]
    },
    {
      "module": "module.eks.module.eks",
      "mode": "data",
      "type": "aws_iam_policy_document",
      "name": "workers_assume_role_policy",
      "provider": "provider[\"registry.terraform.io/hashicorp/aws\"]",
      "instances": [
        {
          "schema_version": 0,
          "attributes": {
            "id": "3778018924",
            "json": "{\n  \"Version\": \"2012-10-17\",\n  \"Statement\": [\n    {\n      \"Sid\": \"EKSWorkerAssumeRole\",\n      \"Effect\": \"Allow\",\n      \"Action\": \"sts:AssumeRole\",\n      \"Principal\": {\n        \"Service\": \"ec2.amazonaws.com\"\n      }\n    }\n  ]\n}",
            "override_json": null,
            "override_policy_documents": null,
            "policy_id": null,
            "source_json": null,
            "source_policy_documents": null,
            "statement": [
              {
                "actions": [
                  "sts:AssumeRole"
                ],
                "condition": [],
                "effect": "Allow",
                "not_actions": [],
                "not_principals": [],
                "not_resources": [],
                "principals": [
                  {
                    "identifiers": [
                      "ec2.amazonaws.com"
                    ],
                    "type": "Service"
                  }
                ],
                "resources": [],
                "sid": "EKSWorkerAssumeRole"
              }
            ],
            "version": "2012-10-17"
          },
          "sensitive_attributes": []
        }
      ]
    },
    {
      "module": "module.eks.module.eks",
      "mode": "data",
      "type": "aws_partition",
      "name": "current",
      "provider": "provider[\"registry.terraform.io/hashicorp/aws\"]",
      "instances": [
        {
          "schema_version": 0,
          "attributes": {
            "dns_suffix": "amazonaws.com",
            "id": "aws",
            "partition": "aws",
            "reverse_dns_prefix": "com.amazonaws"
          },
          "sensitive_attributes": []
        }
      ]
    },
    {
      "module": "module.eks.module.eks",
      "mode": "data",
      "type": "http",
      "name": "wait_for_cluster",
      "provider": "provider[\"registry.terraform.io/terraform-aws-modules/http\"]",
      "instances": [
        {
          "index_key": 0,
          "schema_version": 0,
          "attributes": {
            "body": "ok",
            "ca_certificate": "-----BEGIN CERTIFICATE-----\nMIIC5zCCAc+gAwIBAgIBADANBgkqhkiG9w0BAQsFADAVMRMwEQYDVQQDEwprdWJl\ncm5ldGVzMB4XDTIxMTEyMjExMTcwMloXDTMxMTEyMDExMTcwMlowFTETMBEGA1UE\nAxMKa3ViZXJuZXRlczCCASIwDQYJKoZIhvcNAQEBBQADggEPADCCAQoCggEBAOCV\nkPHgD5UJ9cSO9i4lMvja2HWNnB2juK+qICO+mtEzHC5cm9Kz1QeCZeTZQiHbUvDB\ny71qrP3ZWSnLJmuGnqA8vTf9aKPzdutMs9aQe0Kn0d0sZ9q/IMf2nVIyyozBvZgl\nVrTHQH0lcksHXsOpijau7V0Kbj4snfegPTevBEiXHcO6oc3jghrdG7xWiMVEFVnm\n4PGYewxsig2s1xquGh7VfDYrw432nHZRqvuvL4jlSFj+Pc1pq58f1BzGdNubMzrz\ntl5UYW+6CSMltezDMvzdxU0gkA5ZEc+gVbD/WU/mNCpZJbgIlSuibXpD1UY1RYNl\nBzxK0gvBGlWsAaFPg8cCAwEAAaNCMEAwDgYDVR0PAQH/BAQDAgKkMA8GA1UdEwEB\n/wQFMAMBAf8wHQYDVR0OBBYEFAug9uGbkI7HC+hE5sIFDC5owHCyMA0GCSqGSIb3\nDQEBCwUAA4IBAQCCYH7hxH9AJSV/NP1CEkUqcxfSn60BtWgwkB8gd4cmQ2T5DeTd\nbV44m6NVZt3q/hArcBgeB/SaTVZUd1/7lyG5IOL8KzgbIceY8/J9FAll1bd618nk\nkqIUgKCG+RuSnY3kqYL4B18af+nvOPEk+1mAlZ0teCSaVSuLbHMMudHT1ZsRBTiR\nfnsxBlTi8IrW/FDKYY2DWQ9uudly7tX0t/1aj3w5UA2X29pr1FrRQZyf091Uk18W\nwfQOqWwAn6qs3EuNkUOSOk1wnE5Rov7/0lVLuMweGylUWvxtorJRP9Q7iXXljO0U\nsgAFt5hpNek1OhnCCzyxFcjiGU6O/vXL+LJJ\n-----END CERTIFICATE-----\n",
            "id": "https://A138DD64AE021CF48713C181236DC1DA.gr7.eu-west-1.eks.amazonaws.com/healthz",
            "insecure": false,
            "request_headers": null,
            "response_headers": {
              "Cache-Control": "no-cache, private",
              "Content-Length": "2",
              "Content-Type": "text/plain; charset=utf-8",
              "Date": "Mon, 22 Nov 2021 19:32:46 GMT",
              "X-Content-Type-Options": "nosniff",
              "X-Kubernetes-Pf-Flowschema-Uid": "7beedf23-1243-4eb0-a6f3-5cbfad67a410",
              "X-Kubernetes-Pf-Prioritylevel-Uid": "083daa77-6e8c-4360-9507-2660a49f2af7"
            },
            "timeout": 300,
            "url": "https://A138DD64AE021CF48713C181236DC1DA.gr7.eu-west-1.eks.amazonaws.com/healthz"
          },
          "sensitive_attributes": []
        }
      ]
    },
    {
      "module": "module.eks.module.eks",
      "mode": "managed",
      "type": "aws_autoscaling_group",
      "name": "workers",
      "provider": "provider[\"registry.terraform.io/hashicorp/aws\"]",
      "instances": [
        {
          "index_key": 0,
          "schema_version": 0,
          "attributes": {
            "arn": "arn:aws:autoscaling:eu-west-1:002172820271:autoScalingGroup:fa817456-2635-4cce-ad3f-b37d1c472391:autoScalingGroupName/eks-remotify-production-worker-group-120211122112130059600000016",
            "availability_zones": [
              "eu-west-1a",
              "eu-west-1b",
              "eu-west-1c"
            ],
            "capacity_rebalance": false,
            "default_cooldown": 300,
            "desired_capacity": 1,
            "enabled_metrics": [],
            "force_delete": false,
            "force_delete_warm_pool": false,
            "health_check_grace_period": 300,
            "health_check_type": "EC2",
            "id": "eks-remotify-production-worker-group-120211122112130059600000016",
            "initial_lifecycle_hook": [],
            "instance_refresh": [],
            "launch_configuration": "eks-remotify-production-worker-group-120211122112119716700000015",
            "launch_template": [],
            "load_balancers": [],
            "max_instance_lifetime": 0,
            "max_size": 3,
            "metrics_granularity": "1Minute",
            "min_elb_capacity": null,
            "min_size": 1,
            "mixed_instances_policy": [],
            "name": "eks-remotify-production-worker-group-120211122112130059600000016",
            "name_prefix": "eks-remotify-production-worker-group-1",
            "placement_group": "",
            "protect_from_scale_in": false,
            "service_linked_role_arn": "arn:aws:iam::002172820271:role/aws-service-role/autoscaling.amazonaws.com/AWSServiceRoleForAutoScaling",
            "suspended_processes": [
              "AZRebalance"
            ],
            "tag": [
              {
                "key": "Environment",
                "propagate_at_launch": true,
                "value": "production"
              },
              {
                "key": "GithubOrg",
                "propagate_at_launch": true,
                "value": "terraform-aws-modules"
              },
              {
                "key": "GithubRepo",
                "propagate_at_launch": true,
                "value": "terraform-aws-eks"
              },
              {
                "key": "Name",
                "propagate_at_launch": true,
                "value": "eks-remotify-production-worker-group-1-eks_asg"
              },
              {
                "key": "k8s.io/cluster/eks-remotify-production",
                "propagate_at_launch": true,
                "value": "owned"
              },
              {
                "key": "kubernetes.io/cluster/eks-remotify-production",
                "propagate_at_launch": true,
                "value": "owned"
              }
            ],
            "tags": null,
            "target_group_arns": [],
            "termination_policies": [],
            "timeouts": null,
            "vpc_zone_identifier": [
              "subnet-05f53f164ca43d09e",
              "subnet-060e1f0b98bf34cc0",
              "subnet-06c9398939a85e315"
            ],
            "wait_for_capacity_timeout": "10m",
            "wait_for_elb_capacity": null,
            "warm_pool": []
          },
          "sensitive_attributes": [],
          "private": "eyJlMmJmYjczMC1lY2FhLTExZTYtOGY4OC0zNDM2M2JjN2M0YzAiOnsiZGVsZXRlIjo2MDAwMDAwMDAwMDB9fQ==",
          "dependencies": [
            "module.eks.aws_security_group.worker_group_mgmt_one",
            "module.eks.module.eks.aws_security_group_rule.workers_ingress_cluster_https",
            "module.eks.module.eks.aws_security_group_rule.workers_ingress_cluster_kubelet",
            "module.eks.module.eks.data.aws_ami.eks_worker_windows",
            "module.eks.module.eks.aws_security_group.workers",
            "module.eks.module.eks.data.aws_iam_policy_document.workers_assume_role_policy",
            "module.vpc.module.vpc.aws_subnet.private",
            "module.eks.module.eks.aws_iam_role_policy_attachment.workers_AmazonEKSWorkerNodePolicy",
            "module.eks.module.eks.aws_security_group_rule.cluster_egress_internet",
            "module.eks.module.eks.aws_security_group_rule.cluster_https_worker_ingress",
            "module.eks.module.eks.data.aws_iam_role.custom_cluster_iam_role",
            "module.eks.aws_security_group.all_worker_mgmt",
            "module.eks.module.eks.aws_cloudwatch_log_group.this",
            "module.eks.module.eks.aws_iam_role_policy_attachment.cluster_AmazonEKSVPCResourceControllerPolicy",
            "module.eks.module.eks.aws_security_group.cluster",
            "module.eks.module.eks.aws_security_group_rule.workers_ingress_self",
            "module.eks.module.eks.data.aws_iam_policy_document.cluster_assume_role_policy",
            "module.eks.module.eks.aws_iam_instance_profile.workers",
            "module.eks.module.eks.aws_iam_role_policy_attachment.cluster_AmazonEKSClusterPolicy",
            "module.eks.module.eks.data.aws_ami.eks_worker",
            "module.eks.module.eks.data.aws_partition.current",
            "module.eks.module.eks.aws_eks_cluster.this",
            "module.eks.module.eks.aws_iam_role_policy_attachment.workers_AmazonEKS_CNI_Policy",
            "module.vpc.module.vpc.aws_vpc.this",
            "module.eks.module.eks.aws_iam_role.workers",
            "module.eks.module.eks.aws_iam_role_policy_attachment.cluster_AmazonEKSServicePolicy",
            "module.eks.module.eks.aws_iam_role_policy_attachment.workers_AmazonEC2ContainerRegistryReadOnly",
            "module.eks.module.eks.aws_iam_role_policy_attachment.workers_additional_policies",
            "module.eks.module.eks.aws_launch_configuration.workers",
            "module.eks.module.eks.aws_security_group_rule.cluster_primary_ingress_workers",
            "module.eks.module.eks.aws_security_group_rule.workers_ingress_cluster_primary",
            "module.vpc.module.vpc.aws_vpc_ipv4_cidr_block_association.this",
            "module.eks.module.eks.aws_iam_role.cluster",
            "module.eks.module.eks.aws_security_group_rule.workers_egress_internet",
            "module.eks.module.eks.aws_security_group_rule.workers_ingress_cluster",
            "module.eks.module.eks.data.aws_iam_instance_profile.custom_worker_group_iam_instance_profile",
            "module.vpc.data.aws_availability_zones.available"
          ],
          "create_before_destroy": true
        }
      ]
    },
    {
      "module": "module.eks.module.eks",
      "mode": "managed",
      "type": "aws_eks_cluster",
      "name": "this",
      "provider": "provider[\"registry.terraform.io/hashicorp/aws\"]",
      "instances": [
        {
          "index_key": 0,
          "schema_version": 0,
          "attributes": {
            "arn": "arn:aws:eks:eu-west-1:002172820271:cluster/eks-remotify-production",
            "certificate_authority": [
              {
                "data": "LS0tLS1CRUdJTiBDRVJUSUZJQ0FURS0tLS0tCk1JSUM1ekNDQWMrZ0F3SUJBZ0lCQURBTkJna3Foa2lHOXcwQkFRc0ZBREFWTVJNd0VRWURWUVFERXdwcmRXSmwKY201bGRHVnpNQjRYRFRJeE1URXlNakV4TVRjd01sb1hEVE14TVRFeU1ERXhNVGN3TWxvd0ZURVRNQkVHQTFVRQpBeE1LYTNWaVpYSnVaWFJsY3pDQ0FTSXdEUVlKS29aSWh2Y05BUUVCQlFBRGdnRVBBRENDQVFvQ2dnRUJBT0NWCmtQSGdENVVKOWNTTzlpNGxNdmphMkhXTm5CMmp1SytxSUNPK210RXpIQzVjbTlLejFRZUNaZVRaUWlIYlV2REIKeTcxcXJQM1pXU25MSm11R25xQTh2VGY5YUtQemR1dE1zOWFRZTBLbjBkMHNaOXEvSU1mMm5WSXl5b3pCdlpnbApWclRIUUgwbGNrc0hYc09waWphdTdWMEtiajRzbmZlZ1BUZXZCRWlYSGNPNm9jM2pnaHJkRzd4V2lNVkVGVm5tCjRQR1lld3hzaWcyczF4cXVHaDdWZkRZcnc0MzJuSFpScXZ1dkw0amxTRmorUGMxcHE1OGYxQnpHZE51Yk16cnoKdGw1VVlXKzZDU01sdGV6RE12emR4VTBna0E1WkVjK2dWYkQvV1UvbU5DcFpKYmdJbFN1aWJYcEQxVVkxUllObApCenhLMGd2QkdsV3NBYUZQZzhjQ0F3RUFBYU5DTUVBd0RnWURWUjBQQVFIL0JBUURBZ0trTUE4R0ExVWRFd0VCCi93UUZNQU1CQWY4d0hRWURWUjBPQkJZRUZBdWc5dUdia0k3SEMraEU1c0lGREM1b3dIQ3lNQTBHQ1NxR1NJYjMKRFFFQkN3VUFBNElCQVFDQ1lIN2h4SDlBSlNWL05QMUNFa1VxY3hmU242MEJ0V2d3a0I4Z2Q0Y21RMlQ1RGVUZApiVjQ0bTZOVlp0M3EvaEFyY0JnZUIvU2FUVlpVZDEvN2x5RzVJT0w4S3pnYkljZVk4L0o5RkFsbDFiZDYxOG5rCmtxSVVnS0NHK1J1U25ZM2txWUw0QjE4YWYrbnZPUEVrKzFtQWxaMHRlQ1NhVlN1TGJITU11ZEhUMVpzUkJUaVIKZm5zeEJsVGk4SXJXL0ZES1lZMkRXUTl1dWRseTd0WDB0LzFhajN3NVVBMlgyOXByMUZyUlFaeWYwOTFVazE4Vwp3ZlFPcVd3QW42cXMzRXVOa1VPU09rMXduRTVSb3Y3LzBsVkx1TXdlR3lsVVd2eHRvckpSUDlRN2lYWGxqTzBVCnNnQUZ0NWhwTmVrMU9obkNDenl4RmNqaUdVNk8vdlhMK0xKSgotLS0tLUVORCBDRVJUSUZJQ0FURS0tLS0tCg=="
              }
            ],
            "created_at": "2021-11-22 11:10:50.73 +0000 UTC",
            "enabled_cluster_log_types": [],
            "encryption_config": [],
            "endpoint": "https://A138DD64AE021CF48713C181236DC1DA.gr7.eu-west-1.eks.amazonaws.com",
            "id": "eks-remotify-production",
            "identity": [
              {
                "oidc": [
                  {
                    "issuer": "https://oidc.eks.eu-west-1.amazonaws.com/id/A138DD64AE021CF48713C181236DC1DA"
                  }
                ]
              }
            ],
            "kubernetes_network_config": [
              {
                "service_ipv4_cidr": "172.20.0.0/16"
              }
            ],
            "name": "eks-remotify-production",
            "platform_version": "eks.3",
            "role_arn": "arn:aws:iam::002172820271:role/eks-remotify-production20211122111027669900000002",
            "status": "ACTIVE",
            "tags": {
              "Environment": "production",
              "GithubOrg": "terraform-aws-modules",
              "GithubRepo": "terraform-aws-eks"
            },
            "tags_all": {
              "Environment": "production",
              "GithubOrg": "terraform-aws-modules",
              "GithubRepo": "terraform-aws-eks"
            },
            "timeouts": {
              "create": "30m",
              "delete": "15m",
              "update": "60m"
            },
            "version": "1.21",
            "vpc_config": [
              {
                "cluster_security_group_id": "sg-03cace1f8fd0e61bc",
                "endpoint_private_access": false,
                "endpoint_public_access": true,
                "public_access_cidrs": [
                  "0.0.0.0/0"
                ],
                "security_group_ids": [
                  "sg-089cee8ac6204b474"
                ],
                "subnet_ids": [
                  "subnet-05f53f164ca43d09e",
                  "subnet-060e1f0b98bf34cc0",
                  "subnet-06c9398939a85e315"
                ],
                "vpc_id": "vpc-0e9e6c2edc1d1553a"
              }
            ]
          },
          "sensitive_attributes": [],
          "private": "eyJlMmJmYjczMC1lY2FhLTExZTYtOGY4OC0zNDM2M2JjN2M0YzAiOnsiY3JlYXRlIjoxODAwMDAwMDAwMDAwLCJkZWxldGUiOjkwMDAwMDAwMDAwMCwidXBkYXRlIjozNjAwMDAwMDAwMDAwfX0=",
          "dependencies": [
            "module.eks.module.eks.aws_iam_role_policy_attachment.cluster_AmazonEKSClusterPolicy",
            "module.eks.module.eks.aws_security_group_rule.cluster_egress_internet",
            "module.eks.module.eks.data.aws_partition.current",
            "module.vpc.data.aws_availability_zones.available",
            "module.vpc.module.vpc.aws_subnet.private",
            "module.eks.module.eks.aws_cloudwatch_log_group.this",
            "module.eks.module.eks.aws_security_group.cluster",
            "module.eks.module.eks.data.aws_iam_policy_document.cluster_assume_role_policy",
            "module.eks.module.eks.aws_iam_role.cluster",
            "module.eks.module.eks.aws_iam_role_policy_attachment.cluster_AmazonEKSServicePolicy",
            "module.eks.module.eks.aws_security_group_rule.cluster_https_worker_ingress",
            "module.eks.module.eks.data.aws_iam_role.custom_cluster_iam_role",
            "module.vpc.module.vpc.aws_vpc.this",
            "module.eks.module.eks.aws_iam_role_policy_attachment.cluster_AmazonEKSVPCResourceControllerPolicy",
            "module.eks.module.eks.aws_security_group.workers",
            "module.vpc.module.vpc.aws_vpc_ipv4_cidr_block_association.this"
          ],
          "create_before_destroy": true
        }
      ]
    },
    {
      "module": "module.eks.module.eks",
      "mode": "managed",
      "type": "aws_iam_instance_profile",
      "name": "workers",
      "provider": "provider[\"registry.terraform.io/hashicorp/aws\"]",
      "instances": [
        {
          "index_key": 0,
          "schema_version": 0,
          "attributes": {
            "arn": "arn:aws:iam::002172820271:instance-profile/eks-remotify-production20211122112112370600000011",
            "create_date": "2021-11-22T11:21:17Z",
            "id": "eks-remotify-production20211122112112370600000011",
            "name": "eks-remotify-production20211122112112370600000011",
            "name_prefix": "eks-remotify-production",
            "path": "/",
            "role": "eks-remotify-production2021112211210940400000000f",
            "tags": {
              "Environment": "production",
              "GithubOrg": "terraform-aws-modules",
              "GithubRepo": "terraform-aws-eks"
            },
            "tags_all": {
              "Environment": "production",
              "GithubOrg": "terraform-aws-modules",
              "GithubRepo": "terraform-aws-eks"
            },
            "unique_id": "AIPAQBAMCTMXQN3OOCLLW"
          },
          "sensitive_attributes": [],
          "private": "bnVsbA==",
          "dependencies": [
            "module.eks.aws_security_group.worker_group_mgmt_one",
            "module.eks.module.eks.aws_cloudwatch_log_group.this",
            "module.eks.module.eks.aws_iam_role.cluster",
            "module.eks.module.eks.aws_iam_role_policy_attachment.cluster_AmazonEKSServicePolicy",
            "module.eks.module.eks.data.aws_iam_role.custom_cluster_iam_role",
            "module.vpc.module.vpc.aws_subnet.private",
            "module.vpc.module.vpc.aws_vpc.this",
            "module.eks.module.eks.aws_security_group.cluster",
            "module.eks.module.eks.aws_security_group.workers",
            "module.eks.module.eks.aws_security_group_rule.cluster_https_worker_ingress",
            "module.vpc.data.aws_availability_zones.available",
            "module.eks.module.eks.aws_eks_cluster.this",
            "module.eks.module.eks.aws_iam_role.workers",
            "module.eks.module.eks.aws_iam_role_policy_attachment.cluster_AmazonEKSClusterPolicy",
            "module.eks.module.eks.aws_iam_role_policy_attachment.cluster_AmazonEKSVPCResourceControllerPolicy",
            "module.vpc.module.vpc.aws_vpc_ipv4_cidr_block_association.this",
            "module.eks.module.eks.aws_security_group_rule.cluster_egress_internet",
            "module.eks.module.eks.data.aws_iam_policy_document.cluster_assume_role_policy",
            "module.eks.module.eks.data.aws_iam_policy_document.workers_assume_role_policy",
            "module.eks.module.eks.data.aws_partition.current"
          ],
          "create_before_destroy": true
        }
      ]
    },
    {
      "module": "module.eks.module.eks",
      "mode": "managed",
      "type": "aws_iam_policy",
      "name": "cluster_elb_sl_role_creation",
      "provider": "provider[\"registry.terraform.io/hashicorp/aws\"]",
      "instances": [
        {
          "index_key": 0,
          "schema_version": 0,
          "attributes": {
            "arn": "arn:aws:iam::002172820271:policy/eks-remotify-production-elb-sl-role-creation20211122111027669000000001",
            "description": "Permissions for EKS to create AWSServiceRoleForElasticLoadBalancing service-linked role",
            "id": "arn:aws:iam::002172820271:policy/eks-remotify-production-elb-sl-role-creation20211122111027669000000001",
            "name": "eks-remotify-production-elb-sl-role-creation20211122111027669000000001",
            "name_prefix": "eks-remotify-production-elb-sl-role-creation",
            "path": "/",
            "policy": "{\n  \"Version\": \"2012-10-17\",\n  \"Statement\": [\n    {\n      \"Sid\": \"\",\n      \"Effect\": \"Allow\",\n      \"Action\": [\n        \"ec2:DescribeInternetGateways\",\n        \"ec2:DescribeAddresses\",\n        \"ec2:DescribeAccountAttributes\"\n      ],\n      \"Resource\": \"*\"\n    }\n  ]\n}",
            "policy_id": "ANPAQBAMCTMX6KTDOFYTP",
            "tags": {
              "Environment": "production",
              "GithubOrg": "terraform-aws-modules",
              "GithubRepo": "terraform-aws-eks"
            },
            "tags_all": {
              "Environment": "production",
              "GithubOrg": "terraform-aws-modules",
              "GithubRepo": "terraform-aws-eks"
            }
          },
          "sensitive_attributes": [],
          "private": "bnVsbA==",
          "dependencies": [
            "module.eks.module.eks.data.aws_iam_policy_document.cluster_elb_sl_role_creation"
          ]
        }
      ]
    },
    {
      "module": "module.eks.module.eks",
      "mode": "managed",
      "type": "aws_iam_role",
      "name": "cluster",
      "provider": "provider[\"registry.terraform.io/hashicorp/aws\"]",
      "instances": [
        {
          "index_key": 0,
          "schema_version": 0,
          "attributes": {
            "arn": "arn:aws:iam::002172820271:role/eks-remotify-production20211122111027669900000002",
            "assume_role_policy": "{\"Version\":\"2012-10-17\",\"Statement\":[{\"Sid\":\"EKSClusterAssumeRole\",\"Effect\":\"Allow\",\"Principal\":{\"Service\":\"eks.amazonaws.com\"},\"Action\":\"sts:AssumeRole\"}]}",
            "create_date": "2021-11-22T11:10:28Z",
            "description": "",
            "force_detach_policies": true,
            "id": "eks-remotify-production20211122111027669900000002",
            "inline_policy": [
              {
                "name": "",
                "policy": ""
              }
            ],
            "managed_policy_arns": [
              "arn:aws:iam::002172820271:policy/eks-remotify-production-elb-sl-role-creation20211122111027669000000001",
              "arn:aws:iam::aws:policy/AmazonEKSClusterPolicy",
              "arn:aws:iam::aws:policy/AmazonEKSServicePolicy",
              "arn:aws:iam::aws:policy/AmazonEKSVPCResourceController"
            ],
            "max_session_duration": 3600,
            "name": "eks-remotify-production20211122111027669900000002",
            "name_prefix": "eks-remotify-production",
            "path": "/",
            "permissions_boundary": null,
            "tags": {
              "Environment": "production",
              "GithubOrg": "terraform-aws-modules",
              "GithubRepo": "terraform-aws-eks"
            },
            "tags_all": {
              "Environment": "production",
              "GithubOrg": "terraform-aws-modules",
              "GithubRepo": "terraform-aws-eks"
            },
            "unique_id": "AROAQBAMCTMXZIVUZWVNE"
          },
          "sensitive_attributes": [],
          "private": "bnVsbA==",
          "dependencies": [
            "module.eks.module.eks.data.aws_iam_policy_document.cluster_assume_role_policy"
          ],
          "create_before_destroy": true
        }
      ]
    },
    {
      "module": "module.eks.module.eks",
      "mode": "managed",
      "type": "aws_iam_role",
      "name": "workers",
      "provider": "provider[\"registry.terraform.io/hashicorp/aws\"]",
      "instances": [
        {
          "index_key": 0,
          "schema_version": 0,
          "attributes": {
            "arn": "arn:aws:iam::002172820271:role/eks-remotify-production2021112211210940400000000f",
            "assume_role_policy": "{\"Version\":\"2012-10-17\",\"Statement\":[{\"Sid\":\"EKSWorkerAssumeRole\",\"Effect\":\"Allow\",\"Principal\":{\"Service\":\"ec2.amazonaws.com\"},\"Action\":\"sts:AssumeRole\"}]}",
            "create_date": "2021-11-22T11:21:10Z",
            "description": "",
            "force_detach_policies": true,
            "id": "eks-remotify-production2021112211210940400000000f",
            "inline_policy": [
              {
                "name": "",
                "policy": ""
              }
            ],
            "managed_policy_arns": [
              "arn:aws:iam::aws:policy/AmazonEC2ContainerRegistryReadOnly",
              "arn:aws:iam::aws:policy/AmazonEKSWorkerNodePolicy",
              "arn:aws:iam::aws:policy/AmazonEKS_CNI_Policy"
            ],
            "max_session_duration": 3600,
            "name": "eks-remotify-production2021112211210940400000000f",
            "name_prefix": "eks-remotify-production",
            "path": "/",
            "permissions_boundary": null,
            "tags": {
              "Environment": "production",
              "GithubOrg": "terraform-aws-modules",
              "GithubRepo": "terraform-aws-eks"
            },
            "tags_all": {
              "Environment": "production",
              "GithubOrg": "terraform-aws-modules",
              "GithubRepo": "terraform-aws-eks"
            },
            "unique_id": "AROAQBAMCTMXTO3JLISA2"
          },
          "sensitive_attributes": [],
          "private": "bnVsbA==",
          "dependencies": [
            "module.eks.module.eks.aws_security_group_rule.cluster_egress_internet",
            "module.vpc.module.vpc.aws_vpc_ipv4_cidr_block_association.this",
            "module.eks.module.eks.aws_eks_cluster.this",
            "module.eks.module.eks.aws_iam_role_policy_attachment.cluster_AmazonEKSClusterPolicy",
            "module.eks.module.eks.aws_iam_role_policy_attachment.cluster_AmazonEKSVPCResourceControllerPolicy",
            "module.vpc.module.vpc.aws_subnet.private",
            "module.eks.module.eks.aws_iam_role.cluster",
            "module.eks.module.eks.aws_security_group.workers",
            "module.eks.module.eks.aws_security_group_rule.cluster_https_worker_ingress",
            "module.eks.module.eks.data.aws_iam_policy_document.cluster_assume_role_policy",
            "module.eks.module.eks.data.aws_iam_role.custom_cluster_iam_role",
            "module.eks.module.eks.data.aws_partition.current",
            "module.vpc.data.aws_availability_zones.available",
            "module.eks.module.eks.aws_security_group.cluster",
            "module.eks.module.eks.aws_iam_role_policy_attachment.cluster_AmazonEKSServicePolicy",
            "module.eks.module.eks.data.aws_iam_policy_document.workers_assume_role_policy",
            "module.vpc.module.vpc.aws_vpc.this",
            "module.eks.module.eks.aws_cloudwatch_log_group.this"
          ],
          "create_before_destroy": true
        }
      ]
    },
    {
      "module": "module.eks.module.eks",
      "mode": "managed",
      "type": "aws_iam_role_policy_attachment",
      "name": "cluster_AmazonEKSClusterPolicy",
      "provider": "provider[\"registry.terraform.io/hashicorp/aws\"]",
      "instances": [
        {
          "index_key": 0,
          "schema_version": 0,
          "attributes": {
            "id": "eks-remotify-production20211122111027669900000002-20211122111030660400000008",
            "policy_arn": "arn:aws:iam::aws:policy/AmazonEKSClusterPolicy",
            "role": "eks-remotify-production20211122111027669900000002"
          },
          "sensitive_attributes": [],
          "private": "bnVsbA==",
          "dependencies": [
            "module.eks.module.eks.aws_iam_role.cluster",
            "module.eks.module.eks.data.aws_iam_policy_document.cluster_assume_role_policy",
            "module.eks.module.eks.data.aws_partition.current"
          ],
          "create_before_destroy": true
        }
      ]
    },
    {
      "module": "module.eks.module.eks",
      "mode": "managed",
      "type": "aws_iam_role_policy_attachment",
      "name": "cluster_AmazonEKSServicePolicy",
      "provider": "provider[\"registry.terraform.io/hashicorp/aws\"]",
      "instances": [
        {
          "index_key": 0,
          "schema_version": 0,
          "attributes": {
            "id": "eks-remotify-production20211122111027669900000002-20211122111030653500000006",
            "policy_arn": "arn:aws:iam::aws:policy/AmazonEKSServicePolicy",
            "role": "eks-remotify-production20211122111027669900000002"
          },
          "sensitive_attributes": [],
          "private": "bnVsbA==",
          "dependencies": [
            "module.eks.module.eks.data.aws_iam_policy_document.cluster_assume_role_policy",
            "module.eks.module.eks.data.aws_partition.current",
            "module.eks.module.eks.aws_iam_role.cluster"
          ],
          "create_before_destroy": true
        }
      ]
    },
    {
      "module": "module.eks.module.eks",
      "mode": "managed",
      "type": "aws_iam_role_policy_attachment",
      "name": "cluster_AmazonEKSVPCResourceControllerPolicy",
      "provider": "provider[\"registry.terraform.io/hashicorp/aws\"]",
      "instances": [
        {
          "index_key": 0,
          "schema_version": 0,
          "attributes": {
            "id": "eks-remotify-production20211122111027669900000002-20211122111030643000000004",
            "policy_arn": "arn:aws:iam::aws:policy/AmazonEKSVPCResourceController",
            "role": "eks-remotify-production20211122111027669900000002"
          },
          "sensitive_attributes": [],
          "private": "bnVsbA==",
          "dependencies": [
            "module.eks.module.eks.data.aws_iam_policy_document.cluster_assume_role_policy",
            "module.eks.module.eks.data.aws_partition.current",
            "module.eks.module.eks.aws_iam_role.cluster"
          ],
          "create_before_destroy": true
        }
      ]
    },
    {
      "module": "module.eks.module.eks",
      "mode": "managed",
      "type": "aws_iam_role_policy_attachment",
      "name": "cluster_elb_sl_role_creation",
      "provider": "provider[\"registry.terraform.io/hashicorp/aws\"]",
      "instances": [
        {
          "index_key": 0,
          "schema_version": 0,
          "attributes": {
            "id": "eks-remotify-production20211122111027669900000002-20211122111030657200000007",
            "policy_arn": "arn:aws:iam::002172820271:policy/eks-remotify-production-elb-sl-role-creation20211122111027669000000001",
            "role": "eks-remotify-production20211122111027669900000002"
          },
          "sensitive_attributes": [],
          "private": "bnVsbA==",
          "dependencies": [
            "module.eks.module.eks.aws_iam_role.cluster",
            "module.eks.module.eks.data.aws_iam_policy_document.cluster_assume_role_policy",
            "module.eks.module.eks.data.aws_iam_policy_document.cluster_elb_sl_role_creation",
            "module.eks.module.eks.aws_iam_policy.cluster_elb_sl_role_creation"
          ]
        }
      ]
    },
    {
      "module": "module.eks.module.eks",
      "mode": "managed",
      "type": "aws_iam_role_policy_attachment",
      "name": "workers_AmazonEC2ContainerRegistryReadOnly",
      "provider": "provider[\"registry.terraform.io/hashicorp/aws\"]",
      "instances": [
        {
          "index_key": 0,
          "schema_version": 0,
          "attributes": {
            "id": "eks-remotify-production2021112211210940400000000f-20211122112118021900000014",
            "policy_arn": "arn:aws:iam::aws:policy/AmazonEC2ContainerRegistryReadOnly",
            "role": "eks-remotify-production2021112211210940400000000f"
          },
          "sensitive_attributes": [],
          "private": "bnVsbA==",
          "dependencies": [
            "module.eks.module.eks.aws_eks_cluster.this",
            "module.eks.module.eks.aws_iam_role.cluster",
            "module.eks.module.eks.aws_iam_role_policy_attachment.cluster_AmazonEKSServicePolicy",
            "module.eks.module.eks.aws_security_group_rule.cluster_https_worker_ingress",
            "module.eks.module.eks.data.aws_partition.current",
            "module.vpc.data.aws_availability_zones.available",
            "module.vpc.module.vpc.aws_subnet.private",
            "module.eks.module.eks.aws_iam_role.workers",
            "module.eks.module.eks.aws_iam_role_policy_attachment.cluster_AmazonEKSVPCResourceControllerPolicy",
            "module.eks.module.eks.aws_security_group.cluster",
            "module.eks.module.eks.data.aws_iam_policy_document.cluster_assume_role_policy",
            "module.eks.module.eks.data.aws_iam_role.custom_cluster_iam_role",
            "module.eks.module.eks.aws_security_group.workers",
            "module.eks.module.eks.data.aws_iam_policy_document.workers_assume_role_policy",
            "module.vpc.module.vpc.aws_vpc_ipv4_cidr_block_association.this",
            "module.eks.module.eks.aws_cloudwatch_log_group.this",
            "module.eks.module.eks.aws_iam_role_policy_attachment.cluster_AmazonEKSClusterPolicy",
            "module.eks.module.eks.aws_security_group_rule.cluster_egress_internet",
            "module.vpc.module.vpc.aws_vpc.this"
          ],
          "create_before_destroy": true
        }
      ]
    },
    {
      "module": "module.eks.module.eks",
      "mode": "managed",
      "type": "aws_iam_role_policy_attachment",
      "name": "workers_AmazonEKSWorkerNodePolicy",
      "provider": "provider[\"registry.terraform.io/hashicorp/aws\"]",
      "instances": [
        {
          "index_key": 0,
          "schema_version": 0,
          "attributes": {
            "id": "eks-remotify-production2021112211210940400000000f-20211122112118002700000013",
            "policy_arn": "arn:aws:iam::aws:policy/AmazonEKSWorkerNodePolicy",
            "role": "eks-remotify-production2021112211210940400000000f"
          },
          "sensitive_attributes": [],
          "private": "bnVsbA==",
          "dependencies": [
            "module.vpc.module.vpc.aws_subnet.private",
            "module.eks.module.eks.aws_cloudwatch_log_group.this",
            "module.eks.module.eks.aws_iam_role_policy_attachment.cluster_AmazonEKSVPCResourceControllerPolicy",
            "module.eks.module.eks.aws_security_group_rule.cluster_egress_internet",
            "module.eks.module.eks.data.aws_iam_policy_document.cluster_assume_role_policy",
            "module.eks.module.eks.data.aws_iam_role.custom_cluster_iam_role",
            "module.vpc.data.aws_availability_zones.available",
            "module.eks.module.eks.aws_iam_role.cluster",
            "module.eks.module.eks.aws_iam_role.workers",
            "module.eks.module.eks.aws_iam_role_policy_attachment.cluster_AmazonEKSClusterPolicy",
            "module.eks.module.eks.aws_iam_role_policy_attachment.cluster_AmazonEKSServicePolicy",
            "module.eks.module.eks.data.aws_iam_policy_document.workers_assume_role_policy",
            "module.vpc.module.vpc.aws_vpc.this",
            "module.eks.module.eks.aws_eks_cluster.this",
            "module.eks.module.eks.aws_security_group.workers",
            "module.eks.module.eks.aws_security_group_rule.cluster_https_worker_ingress",
            "module.eks.module.eks.data.aws_partition.current",
            "module.vpc.module.vpc.aws_vpc_ipv4_cidr_block_association.this",
            "module.eks.module.eks.aws_security_group.cluster"
          ],
          "create_before_destroy": true
        }
      ]
    },
    {
      "module": "module.eks.module.eks",
      "mode": "managed",
      "type": "aws_iam_role_policy_attachment",
      "name": "workers_AmazonEKS_CNI_Policy",
      "provider": "provider[\"registry.terraform.io/hashicorp/aws\"]",
      "instances": [
        {
          "index_key": 0,
          "schema_version": 0,
          "attributes": {
            "id": "eks-remotify-production2021112211210940400000000f-20211122112118000200000012",
            "policy_arn": "arn:aws:iam::aws:policy/AmazonEKS_CNI_Policy",
            "role": "eks-remotify-production2021112211210940400000000f"
          },
          "sensitive_attributes": [],
          "private": "bnVsbA==",
          "dependencies": [
            "module.eks.module.eks.aws_iam_role.cluster",
            "module.eks.module.eks.aws_iam_role_policy_attachment.cluster_AmazonEKSServicePolicy",
            "module.eks.module.eks.aws_security_group_rule.cluster_https_worker_ingress",
            "module.eks.module.eks.data.aws_iam_policy_document.workers_assume_role_policy",
            "module.vpc.data.aws_availability_zones.available",
            "module.eks.module.eks.aws_cloudwatch_log_group.this",
            "module.eks.module.eks.aws_iam_role.workers",
            "module.eks.module.eks.aws_security_group.workers",
            "module.eks.module.eks.aws_security_group_rule.cluster_egress_internet",
            "module.eks.module.eks.data.aws_iam_policy_document.cluster_assume_role_policy",
            "module.vpc.module.vpc.aws_subnet.private",
            "module.vpc.module.vpc.aws_vpc.this",
            "module.vpc.module.vpc.aws_vpc_ipv4_cidr_block_association.this",
            "module.eks.module.eks.aws_eks_cluster.this",
            "module.eks.module.eks.aws_iam_role_policy_attachment.cluster_AmazonEKSClusterPolicy",
            "module.eks.module.eks.aws_iam_role_policy_attachment.cluster_AmazonEKSVPCResourceControllerPolicy",
            "module.eks.module.eks.aws_security_group.cluster",
            "module.eks.module.eks.data.aws_iam_role.custom_cluster_iam_role",
            "module.eks.module.eks.data.aws_partition.current"
          ],
          "create_before_destroy": true
        }
      ]
    },
    {
      "module": "module.eks.module.eks",
      "mode": "managed",
      "type": "aws_launch_configuration",
      "name": "workers",
      "provider": "provider[\"registry.terraform.io/hashicorp/aws\"]",
      "instances": [
        {
          "index_key": 0,
          "schema_version": 0,
          "attributes": {
            "arn": "arn:aws:autoscaling:eu-west-1:002172820271:launchConfiguration:0aad1873-ced0-4613-9ca5-be1b4c789c2c:launchConfigurationName/eks-remotify-production-worker-group-120211122112119716700000015",
            "associate_public_ip_address": false,
            "ebs_block_device": [],
            "ebs_optimized": false,
            "enable_monitoring": true,
            "ephemeral_block_device": [],
            "iam_instance_profile": "eks-remotify-production20211122112112370600000011",
            "id": "eks-remotify-production-worker-group-120211122112119716700000015",
            "image_id": "ami-0918791b0c01fc977",
            "instance_type": "t2.medium",
            "key_name": "",
            "metadata_options": [
              {
                "http_endpoint": "enabled",
                "http_put_response_hop_limit": 1,
                "http_tokens": "optional"
              }
            ],
            "name": "eks-remotify-production-worker-group-120211122112119716700000015",
            "name_prefix": "eks-remotify-production-worker-group-1",
            "placement_tenancy": "",
            "root_block_device": [
              {
                "delete_on_termination": true,
                "encrypted": false,
                "iops": 0,
                "throughput": 0,
                "volume_size": 100,
                "volume_type": "gp2"
              }
            ],
            "security_groups": [
              "sg-01bccd86532d55900",
              "sg-0772f55bfdfd62c7c",
              "sg-0d9f461602709db4e"
            ],
            "spot_price": "",
            "user_data": null,
            "user_data_base64": "IyEvYmluL2Jhc2ggLWUKCiMgQWxsb3cgdXNlciBzdXBwbGllZCBwcmUgdXNlcmRhdGEgY29kZQoKCiMgQm9vdHN0cmFwIGFuZCBqb2luIHRoZSBjbHVzdGVyCi9ldGMvZWtzL2Jvb3RzdHJhcC5zaCAtLWI2NC1jbHVzdGVyLWNhICdMUzB0TFMxQ1JVZEpUaUJEUlZKVVNVWkpRMEZVUlMwdExTMHRDazFKU1VNMWVrTkRRV01yWjBGM1NVSkJaMGxDUVVSQlRrSm5hM0ZvYTJsSE9YY3dRa0ZSYzBaQlJFRldUVkpOZDBWUldVUldVVkZFUlhkd2NtUlhTbXdLWTIwMWJHUkhWbnBOUWpSWVJGUkplRTFVUlhsTmFrVjRUVlJqZDAxc2IxaEVWRTE0VFZSRmVVMUVSWGhOVkdOM1RXeHZkMFpVUlZSTlFrVkhRVEZWUlFwQmVFMUxZVE5XYVZwWVNuVmFXRkpzWTNwRFEwRlRTWGRFVVZsS1MyOWFTV2gyWTA1QlVVVkNRbEZCUkdkblJWQkJSRU5EUVZGdlEyZG5SVUpCVDBOV0NtdFFTR2RFTlZWS09XTlRUemxwTkd4TmRtcGhNa2hYVG01Q01tcDFTeXR4U1VOUEsyMTBSWHBJUXpWamJUbExlakZSWlVOYVpWUmFVV2xJWWxWMlJFSUtlVGN4Y1hKUU0xcFhVMjVNU20xMVIyNXhRVGgyVkdZNVlVdFFlbVIxZEUxek9XRlJaVEJMYmpCa01ITmFPWEV2U1UxbU1tNVdTWGw1YjNwQ2RscG5iQXBXY2xSSVVVZ3diR05yYzBoWWMwOXdhV3BoZFRkV01FdGlhalJ6Ym1abFoxQlVaWFpDUldsWVNHTlBObTlqTTJwbmFISmtSemQ0VjJsTlZrVkdWbTV0Q2pSUVIxbGxkM2h6YVdjeWN6RjRjWFZIYURkV1prUlpjbmMwTXpKdVNGcFNjWFoxZGt3MGFteFRSbW9yVUdNeGNIRTFPR1l4UW5wSFpFNTFZazE2Y25vS2RHdzFWVmxYS3paRFUwMXNkR1Y2UkUxMmVtUjRWVEJuYTBFMVdrVmpLMmRXWWtRdlYxVXZiVTVEY0ZwS1ltZEpiRk4xYVdKWWNFUXhWVmt4VWxsT2JBcENlbmhMTUdkMlFrZHNWM05CWVVaUVp6aGpRMEYzUlVGQllVNURUVVZCZDBSbldVUldVakJRUVZGSUwwSkJVVVJCWjB0clRVRTRSMEV4VldSRmQwVkNDaTkzVVVaTlFVMUNRV1k0ZDBoUldVUldVakJQUWtKWlJVWkJkV2M1ZFVkaWEwazNTRU1yYUVVMWMwbEdSRU0xYjNkSVEzbE5RVEJIUTFOeFIxTkpZak1LUkZGRlFrTjNWVUZCTkVsQ1FWRkRRMWxJTjJoNFNEbEJTbE5XTDA1UU1VTkZhMVZ4WTNobVUyNDJNRUowVjJkM2EwSTRaMlEwWTIxUk1sUTFSR1ZVWkFwaVZqUTBiVFpPVmxwME0zRXZhRUZ5WTBKblpVSXZVMkZVVmxwVlpERXZOMng1UnpWSlQwdzRTM3BuWWtsalpWazRMMG81UmtGc2JERmlaRFl4T0c1ckNtdHhTVlZuUzBOSEsxSjFVMjVaTTJ0eFdVdzBRakU0WVdZcmJuWlBVRVZyS3pGdFFXeGFNSFJsUTFOaFZsTjFUR0pJVFUxMVpFaFVNVnB6VWtKVWFWSUtabTV6ZUVKc1ZHazRTWEpYTDBaRVMxbFpNa1JYVVRsMWRXUnNlVGQwV0RCMEx6Rmhhak4zTlZWQk1sZ3lPWEJ5TVVaeVVsRmFlV1l3T1RGVmF6RTRWd3AzWmxGUGNWZDNRVzQyY1hNelJYVk9hMVZQVTA5ck1YZHVSVFZTYjNZM0x6QnNWa3gxVFhkbFIzbHNWVmQyZUhSdmNrcFNVRGxSTjJsWVdHeHFUekJWQ25OblFVWjBOV2h3VG1Wck1VOW9ia05EZW5sNFJtTnFhVWRWTms4dmRsaE1LMHhLU2dvdExTMHRMVVZPUkNCRFJWSlVTVVpKUTBGVVJTMHRMUzB0Q2c9PScgLS1hcGlzZXJ2ZXItZW5kcG9pbnQgJ2h0dHBzOi8vQTEzOERENjRBRTAyMUNGNDg3MTNDMTgxMjM2REMxREEuZ3I3LmV1LXdlc3QtMS5la3MuYW1hem9uYXdzLmNvbScgIC0ta3ViZWxldC1leHRyYS1hcmdzICIiICdla3MtcmVtb3RpZnktcHJvZHVjdGlvbicKCiMgQWxsb3cgdXNlciBzdXBwbGllZCB1c2VyZGF0YSBjb2RlCgo=",
            "vpc_classic_link_id": "",
            "vpc_classic_link_security_groups": []
          },
          "sensitive_attributes": [],
          "private": "bnVsbA==",
          "dependencies": [
            "module.eks.module.eks.aws_security_group_rule.workers_ingress_cluster",
            "module.eks.module.eks.aws_security_group_rule.workers_ingress_cluster_kubelet",
            "module.eks.module.eks.aws_iam_role_policy_attachment.cluster_AmazonEKSServicePolicy",
            "module.eks.module.eks.aws_security_group.cluster",
            "module.eks.module.eks.aws_security_group_rule.cluster_primary_ingress_workers",
            "module.eks.module.eks.aws_security_group_rule.workers_ingress_cluster_primary",
            "module.eks.module.eks.data.aws_iam_policy_document.workers_assume_role_policy",
            "module.eks.module.eks.aws_iam_role.cluster",
            "module.eks.module.eks.aws_iam_role_policy_attachment.cluster_AmazonEKSVPCResourceControllerPolicy",
            "module.eks.module.eks.aws_iam_role_policy_attachment.workers_AmazonEKSWorkerNodePolicy",
            "module.eks.module.eks.aws_iam_role_policy_attachment.workers_additional_policies",
            "module.eks.module.eks.aws_security_group_rule.cluster_https_worker_ingress",
            "module.eks.module.eks.data.aws_partition.current",
            "module.vpc.module.vpc.aws_vpc_ipv4_cidr_block_association.this",
            "module.eks.aws_security_group.all_worker_mgmt",
            "module.eks.module.eks.aws_iam_role.workers",
            "module.eks.module.eks.data.aws_iam_instance_profile.custom_worker_group_iam_instance_profile",
            "module.eks.module.eks.aws_cloudwatch_log_group.this",
            "module.eks.module.eks.aws_security_group.workers",
            "module.eks.module.eks.aws_iam_instance_profile.workers",
            "module.eks.module.eks.aws_security_group_rule.workers_ingress_self",
            "module.eks.module.eks.data.aws_iam_policy_document.cluster_assume_role_policy",
            "module.eks.module.eks.data.aws_iam_role.custom_cluster_iam_role",
            "module.vpc.module.vpc.aws_subnet.private",
            "module.eks.aws_security_group.worker_group_mgmt_one",
            "module.eks.module.eks.aws_eks_cluster.this",
            "module.eks.module.eks.aws_security_group_rule.cluster_egress_internet",
            "module.vpc.module.vpc.aws_vpc.this",
            "module.eks.module.eks.aws_security_group_rule.workers_ingress_cluster_https",
            "module.eks.module.eks.data.aws_ami.eks_worker_windows",
            "module.vpc.data.aws_availability_zones.available",
            "module.eks.module.eks.aws_iam_role_policy_attachment.cluster_AmazonEKSClusterPolicy",
            "module.eks.module.eks.aws_iam_role_policy_attachment.workers_AmazonEC2ContainerRegistryReadOnly",
            "module.eks.module.eks.data.aws_ami.eks_worker",
            "module.eks.module.eks.aws_iam_role_policy_attachment.workers_AmazonEKS_CNI_Policy",
            "module.eks.module.eks.aws_security_group_rule.workers_egress_internet"
          ],
          "create_before_destroy": true
        }
      ]
    },
    {
      "module": "module.eks.module.eks",
      "mode": "managed",
      "type": "aws_security_group",
      "name": "cluster",
      "provider": "provider[\"registry.terraform.io/hashicorp/aws\"]",
      "instances": [
        {
          "index_key": 0,
          "schema_version": 1,
          "attributes": {
            "arn": "arn:aws:ec2:eu-west-1:002172820271:security-group/sg-089cee8ac6204b474",
            "description": "EKS cluster security group.",
            "egress": [
              {
                "cidr_blocks": [
                  "0.0.0.0/0"
                ],
                "description": "Allow cluster egress access to the Internet.",
                "from_port": 0,
                "ipv6_cidr_blocks": [],
                "prefix_list_ids": [],
                "protocol": "-1",
                "security_groups": [],
                "self": false,
                "to_port": 0
              }
            ],
            "id": "sg-089cee8ac6204b474",
            "ingress": [
              {
                "cidr_blocks": [],
                "description": "Allow pods to communicate with the EKS cluster API.",
                "from_port": 443,
                "ipv6_cidr_blocks": [],
                "prefix_list_ids": [],
                "protocol": "tcp",
                "security_groups": [
                  "sg-01bccd86532d55900"
                ],
                "self": false,
                "to_port": 443
              }
            ],
            "name": "eks-remotify-production2021112211104471490000000d",
            "name_prefix": "eks-remotify-production",
            "owner_id": "002172820271",
            "revoke_rules_on_delete": false,
            "tags": {
              "Environment": "production",
              "GithubOrg": "terraform-aws-modules",
              "GithubRepo": "terraform-aws-eks",
              "Name": "eks-remotify-production-eks_cluster_sg"
            },
            "tags_all": {
              "Environment": "production",
              "GithubOrg": "terraform-aws-modules",
              "GithubRepo": "terraform-aws-eks",
              "Name": "eks-remotify-production-eks_cluster_sg"
            },
            "timeouts": null,
            "vpc_id": "vpc-0e9e6c2edc1d1553a"
          },
          "sensitive_attributes": [],
          "private": "eyJlMmJmYjczMC1lY2FhLTExZTYtOGY4OC0zNDM2M2JjN2M0YzAiOnsiY3JlYXRlIjo2MDAwMDAwMDAwMDAsImRlbGV0ZSI6OTAwMDAwMDAwMDAwfSwic2NoZW1hX3ZlcnNpb24iOiIxIn0=",
          "dependencies": [
            "module.vpc.module.vpc.aws_vpc.this"
          ],
          "create_before_destroy": true
        }
      ]
    },
    {
      "module": "module.eks.module.eks",
      "mode": "managed",
      "type": "aws_security_group",
      "name": "workers",
      "provider": "provider[\"registry.terraform.io/hashicorp/aws\"]",
      "instances": [
        {
          "index_key": 0,
          "schema_version": 1,
          "attributes": {
            "arn": "arn:aws:ec2:eu-west-1:002172820271:security-group/sg-01bccd86532d55900",
            "description": "Security group for all nodes in the cluster.",
            "egress": [
              {
                "cidr_blocks": [
                  "0.0.0.0/0"
                ],
                "description": "Allow nodes all egress to the Internet.",
                "from_port": 0,
                "ipv6_cidr_blocks": [],
                "prefix_list_ids": [],
                "protocol": "-1",
                "security_groups": [],
                "self": false,
                "to_port": 0
              }
            ],
            "id": "sg-01bccd86532d55900",
            "ingress": [
              {
                "cidr_blocks": [],
                "description": "Allow node to communicate with each other.",
                "from_port": 0,
                "ipv6_cidr_blocks": [],
                "prefix_list_ids": [],
                "protocol": "-1",
                "security_groups": [],
                "self": true,
                "to_port": 0
              },
              {
                "cidr_blocks": [],
                "description": "Allow pods running extension API servers on port 443 to receive communication from cluster control plane.",
                "from_port": 443,
                "ipv6_cidr_blocks": [],
                "prefix_list_ids": [],
                "protocol": "tcp",
                "security_groups": [
                  "sg-089cee8ac6204b474"
                ],
                "self": false,
                "to_port": 443
              },
              {
                "cidr_blocks": [],
                "description": "Allow workers pods to receive communication from the cluster control plane.",
                "from_port": 1025,
                "ipv6_cidr_blocks": [],
                "prefix_list_ids": [],
                "protocol": "tcp",
                "security_groups": [
                  "sg-089cee8ac6204b474"
                ],
                "self": false,
                "to_port": 65535
              }
            ],
            "name": "eks-remotify-production2021112211104459550000000b",
            "name_prefix": "eks-remotify-production",
            "owner_id": "002172820271",
            "revoke_rules_on_delete": false,
            "tags": {
              "Environment": "production",
              "GithubOrg": "terraform-aws-modules",
              "GithubRepo": "terraform-aws-eks",
              "Name": "eks-remotify-production-eks_worker_sg",
              "kubernetes.io/cluster/eks-remotify-production": "owned"
            },
            "tags_all": {
              "Environment": "production",
              "GithubOrg": "terraform-aws-modules",
              "GithubRepo": "terraform-aws-eks",
              "Name": "eks-remotify-production-eks_worker_sg",
              "kubernetes.io/cluster/eks-remotify-production": "owned"
            },
            "timeouts": null,
            "vpc_id": "vpc-0e9e6c2edc1d1553a"
          },
          "sensitive_attributes": [],
          "private": "eyJlMmJmYjczMC1lY2FhLTExZTYtOGY4OC0zNDM2M2JjN2M0YzAiOnsiY3JlYXRlIjo2MDAwMDAwMDAwMDAsImRlbGV0ZSI6OTAwMDAwMDAwMDAwfSwic2NoZW1hX3ZlcnNpb24iOiIxIn0=",
          "dependencies": [
            "module.vpc.module.vpc.aws_vpc.this"
          ],
          "create_before_destroy": true
        }
      ]
    },
    {
      "module": "module.eks.module.eks",
      "mode": "managed",
      "type": "aws_security_group_rule",
      "name": "cluster_egress_internet",
      "provider": "provider[\"registry.terraform.io/hashicorp/aws\"]",
      "instances": [
        {
          "index_key": 0,
          "schema_version": 2,
          "attributes": {
            "cidr_blocks": [
              "0.0.0.0/0"
            ],
            "description": "Allow cluster egress access to the Internet.",
            "from_port": 0,
            "id": "sgrule-1030601912",
            "ipv6_cidr_blocks": [],
            "prefix_list_ids": [],
            "protocol": "-1",
            "security_group_id": "sg-089cee8ac6204b474",
            "self": false,
            "source_security_group_id": null,
            "to_port": 0,
            "type": "egress"
          },
          "sensitive_attributes": [],
          "private": "eyJzY2hlbWFfdmVyc2lvbiI6IjIifQ==",
          "dependencies": [
            "module.eks.module.eks.aws_security_group.cluster",
            "module.vpc.module.vpc.aws_vpc.this"
          ],
          "create_before_destroy": true
        }
      ]
    },
    {
      "module": "module.eks.module.eks",
      "mode": "managed",
      "type": "aws_security_group_rule",
      "name": "cluster_https_worker_ingress",
      "provider": "provider[\"registry.terraform.io/hashicorp/aws\"]",
      "instances": [
        {
          "index_key": 0,
          "schema_version": 2,
          "attributes": {
            "cidr_blocks": [],
            "description": "Allow pods to communicate with the EKS cluster API.",
            "from_port": 443,
            "id": "sgrule-491772975",
            "ipv6_cidr_blocks": [],
            "prefix_list_ids": [],
            "protocol": "tcp",
            "security_group_id": "sg-089cee8ac6204b474",
            "self": false,
            "source_security_group_id": "sg-01bccd86532d55900",
            "to_port": 443,
            "type": "ingress"
          },
          "sensitive_attributes": [],
          "private": "eyJzY2hlbWFfdmVyc2lvbiI6IjIifQ==",
          "dependencies": [
            "module.eks.module.eks.aws_security_group.cluster",
            "module.eks.module.eks.aws_security_group.workers",
            "module.vpc.module.vpc.aws_vpc.this"
          ],
          "create_before_destroy": true
        }
      ]
    },
    {
      "module": "module.eks.module.eks",
      "mode": "managed",
      "type": "aws_security_group_rule",
      "name": "workers_egress_internet",
      "provider": "provider[\"registry.terraform.io/hashicorp/aws\"]",
      "instances": [
        {
          "index_key": 0,
          "schema_version": 2,
          "attributes": {
            "cidr_blocks": [
              "0.0.0.0/0"
            ],
            "description": "Allow nodes all egress to the Internet.",
            "from_port": 0,
            "id": "sgrule-287443022",
            "ipv6_cidr_blocks": [],
            "prefix_list_ids": [],
            "protocol": "-1",
            "security_group_id": "sg-01bccd86532d55900",
            "self": false,
            "source_security_group_id": null,
            "to_port": 0,
            "type": "egress"
          },
          "sensitive_attributes": [],
          "private": "eyJzY2hlbWFfdmVyc2lvbiI6IjIifQ==",
          "dependencies": [
            "module.eks.module.eks.aws_security_group.workers",
            "module.vpc.module.vpc.aws_vpc.this"
          ],
          "create_before_destroy": true
        }
      ]
    },
    {
      "module": "module.eks.module.eks",
      "mode": "managed",
      "type": "aws_security_group_rule",
      "name": "workers_ingress_cluster",
      "provider": "provider[\"registry.terraform.io/hashicorp/aws\"]",
      "instances": [
        {
          "index_key": 0,
          "schema_version": 2,
          "attributes": {
            "cidr_blocks": [],
            "description": "Allow workers pods to receive communication from the cluster control plane.",
            "from_port": 1025,
            "id": "sgrule-1261747163",
            "ipv6_cidr_blocks": [],
            "prefix_list_ids": [],
            "protocol": "tcp",
            "security_group_id": "sg-01bccd86532d55900",
            "self": false,
            "source_security_group_id": "sg-089cee8ac6204b474",
            "to_port": 65535,
            "type": "ingress"
          },
          "sensitive_attributes": [],
          "private": "eyJzY2hlbWFfdmVyc2lvbiI6IjIifQ==",
          "dependencies": [
            "module.eks.module.eks.aws_security_group.cluster",
            "module.eks.module.eks.aws_security_group.workers",
            "module.vpc.module.vpc.aws_vpc.this"
          ],
          "create_before_destroy": true
        }
      ]
    },
    {
      "module": "module.eks.module.eks",
      "mode": "managed",
      "type": "aws_security_group_rule",
      "name": "workers_ingress_cluster_https",
      "provider": "provider[\"registry.terraform.io/hashicorp/aws\"]",
      "instances": [
        {
          "index_key": 0,
          "schema_version": 2,
          "attributes": {
            "cidr_blocks": [],
            "description": "Allow pods running extension API servers on port 443 to receive communication from cluster control plane.",
            "from_port": 443,
            "id": "sgrule-978129924",
            "ipv6_cidr_blocks": [],
            "prefix_list_ids": [],
            "protocol": "tcp",
            "security_group_id": "sg-01bccd86532d55900",
            "self": false,
            "source_security_group_id": "sg-089cee8ac6204b474",
            "to_port": 443,
            "type": "ingress"
          },
          "sensitive_attributes": [],
          "private": "eyJzY2hlbWFfdmVyc2lvbiI6IjIifQ==",
          "dependencies": [
            "module.eks.module.eks.aws_security_group.cluster",
            "module.eks.module.eks.aws_security_group.workers",
            "module.vpc.module.vpc.aws_vpc.this"
          ],
          "create_before_destroy": true
        }
      ]
    },
    {
      "module": "module.eks.module.eks",
      "mode": "managed",
      "type": "aws_security_group_rule",
      "name": "workers_ingress_self",
      "provider": "provider[\"registry.terraform.io/hashicorp/aws\"]",
      "instances": [
        {
          "index_key": 0,
          "schema_version": 2,
          "attributes": {
            "cidr_blocks": [],
            "description": "Allow node to communicate with each other.",
            "from_port": 0,
            "id": "sgrule-886299318",
            "ipv6_cidr_blocks": [],
            "prefix_list_ids": [],
            "protocol": "-1",
            "security_group_id": "sg-01bccd86532d55900",
            "self": false,
            "source_security_group_id": "sg-01bccd86532d55900",
            "to_port": 0,
            "type": "ingress"
          },
          "sensitive_attributes": [],
          "private": "eyJzY2hlbWFfdmVyc2lvbiI6IjIifQ==",
          "dependencies": [
            "module.eks.module.eks.aws_security_group.workers",
            "module.vpc.module.vpc.aws_vpc.this"
          ],
          "create_before_destroy": true
        }
      ]
    },
    {
      "module": "module.eks.module.eks",
      "mode": "managed",
      "type": "kubernetes_config_map",
      "name": "aws_auth",
      "provider": "module.eks.provider[\"registry.terraform.io/hashicorp/kubernetes\"]",
      "instances": [
        {
          "index_key": 0,
          "schema_version": 0,
          "attributes": {
            "binary_data": {},
            "data": {
              "mapAccounts": "[]\n",
              "mapRoles": "- \"groups\":\n  - \"system:bootstrappers\"\n  - \"system:nodes\"\n  \"rolearn\": \"arn:aws:iam::002172820271:role/eks-remotify-production2021112211210940400000000f\"\n  \"username\": \"system:node:{{EC2PrivateDNSName}}\"\n- \"groups\":\n  - \"system:masters\"\n  \"rolearn\": \"arn:aws:iam::002172820271:role/eks-cluster-s3-access\"\n  \"username\": \"eks-cluster-s3-access\"\n",
              "mapUsers": "[]\n"
            },
            "id": "kube-system/aws-auth",
            "metadata": [
              {
                "annotations": {},
                "generate_name": "",
                "generation": 0,
                "labels": {
                  "app.kubernetes.io/managed-by": "Terraform",
                  "terraform.io/module": "terraform-aws-modules.eks.aws"
                },
                "name": "aws-auth",
                "namespace": "kube-system",
                "resource_version": "741",
                "self_link": "",
                "uid": "7a007b96-5e65-45d0-b19f-c760f67f5824"
              }
            ]
          },
          "sensitive_attributes": [],
          "private": "bnVsbA==",
          "dependencies": [
            "module.eks.data.aws_eks_cluster.cluster",
            "module.eks.module.eks.aws_cloudwatch_log_group.this",
            "module.eks.module.eks.data.aws_iam_role.custom_cluster_iam_role",
            "module.vpc.module.vpc.aws_subnet.private",
            "module.vpc.module.vpc.aws_vpc_ipv4_cidr_block_association.this",
            "module.eks.module.eks.aws_iam_role.workers",
            "module.eks.module.eks.aws_iam_role_policy_attachment.cluster_AmazonEKSVPCResourceControllerPolicy",
            "module.eks.module.eks.data.aws_caller_identity.current",
            "module.eks.module.eks.module.fargate.aws_iam_role.eks_fargate_pod",
            "module.eks.module.eks.module.fargate.data.aws_iam_policy_document.eks_fargate_pod_assume_role",
            "module.eks.module.eks.aws_iam_role_policy_attachment.cluster_AmazonEKSClusterPolicy",
            "module.eks.module.eks.aws_security_group.workers",
            "module.eks.module.eks.aws_security_group_rule.cluster_https_worker_ingress",
            "module.eks.module.eks.aws_security_group_rule.cluster_private_access_cidrs_source",
            "module.eks.module.eks.data.aws_iam_instance_profile.custom_worker_group_launch_template_iam_instance_profile",
            "module.eks.module.eks.data.aws_partition.current",
            "module.vpc.data.aws_availability_zones.available",
            "module.eks.aws_iam_role.eks_s3_access",
            "module.eks.module.eks.aws_eks_cluster.this",
            "module.eks.module.eks.aws_security_group.cluster",
            "module.eks.module.eks.data.aws_ami.eks_worker_windows",
            "module.eks.module.eks.data.aws_iam_instance_profile.custom_worker_group_iam_instance_profile",
            "module.eks.module.eks.aws_iam_role.cluster",
            "module.eks.module.eks.aws_security_group_rule.cluster_private_access_sg_source",
            "module.eks.module.eks.data.aws_ami.eks_worker",
            "module.eks.module.eks.data.aws_iam_policy_document.workers_assume_role_policy",
            "module.eks.module.eks.data.http.wait_for_cluster",
            "module.eks.data.aws_eks_cluster_auth.cluster",
            "module.eks.module.eks.aws_security_group_rule.cluster_egress_internet",
            "module.eks.module.eks.data.aws_iam_policy_document.cluster_assume_role_policy",
            "module.eks.module.eks.module.fargate.data.aws_iam_role.custom_fargate_iam_role",
            "module.vpc.module.vpc.aws_vpc.this",
            "module.eks.module.eks.aws_iam_instance_profile.workers",
            "module.eks.module.eks.aws_iam_instance_profile.workers_launch_template",
            "module.eks.aws_security_group.worker_group_mgmt_one",
            "module.eks.module.eks.aws_iam_role_policy_attachment.cluster_AmazonEKSServicePolicy"
          ],
          "create_before_destroy": true
        }
      ]
    },
    {
      "module": "module.eks.module.eks",
      "mode": "managed",
      "type": "local_file",
      "name": "kubeconfig",
      "provider": "provider[\"registry.terraform.io/hashicorp/local\"]",
      "instances": [
        {
          "index_key": 0,
          "schema_version": 0,
          "attributes": {
            "content": "apiVersion: v1\npreferences: {}\nkind: Config\n\nclusters:\n- cluster:\n    server: https://A138DD64AE021CF48713C181236DC1DA.gr7.eu-west-1.eks.amazonaws.com\n    certificate-authority-data: LS0tLS1CRUdJTiBDRVJUSUZJQ0FURS0tLS0tCk1JSUM1ekNDQWMrZ0F3SUJBZ0lCQURBTkJna3Foa2lHOXcwQkFRc0ZBREFWTVJNd0VRWURWUVFERXdwcmRXSmwKY201bGRHVnpNQjRYRFRJeE1URXlNakV4TVRjd01sb1hEVE14TVRFeU1ERXhNVGN3TWxvd0ZURVRNQkVHQTFVRQpBeE1LYTNWaVpYSnVaWFJsY3pDQ0FTSXdEUVlKS29aSWh2Y05BUUVCQlFBRGdnRVBBRENDQVFvQ2dnRUJBT0NWCmtQSGdENVVKOWNTTzlpNGxNdmphMkhXTm5CMmp1SytxSUNPK210RXpIQzVjbTlLejFRZUNaZVRaUWlIYlV2REIKeTcxcXJQM1pXU25MSm11R25xQTh2VGY5YUtQemR1dE1zOWFRZTBLbjBkMHNaOXEvSU1mMm5WSXl5b3pCdlpnbApWclRIUUgwbGNrc0hYc09waWphdTdWMEtiajRzbmZlZ1BUZXZCRWlYSGNPNm9jM2pnaHJkRzd4V2lNVkVGVm5tCjRQR1lld3hzaWcyczF4cXVHaDdWZkRZcnc0MzJuSFpScXZ1dkw0amxTRmorUGMxcHE1OGYxQnpHZE51Yk16cnoKdGw1VVlXKzZDU01sdGV6RE12emR4VTBna0E1WkVjK2dWYkQvV1UvbU5DcFpKYmdJbFN1aWJYcEQxVVkxUllObApCenhLMGd2QkdsV3NBYUZQZzhjQ0F3RUFBYU5DTUVBd0RnWURWUjBQQVFIL0JBUURBZ0trTUE4R0ExVWRFd0VCCi93UUZNQU1CQWY4d0hRWURWUjBPQkJZRUZBdWc5dUdia0k3SEMraEU1c0lGREM1b3dIQ3lNQTBHQ1NxR1NJYjMKRFFFQkN3VUFBNElCQVFDQ1lIN2h4SDlBSlNWL05QMUNFa1VxY3hmU242MEJ0V2d3a0I4Z2Q0Y21RMlQ1RGVUZApiVjQ0bTZOVlp0M3EvaEFyY0JnZUIvU2FUVlpVZDEvN2x5RzVJT0w4S3pnYkljZVk4L0o5RkFsbDFiZDYxOG5rCmtxSVVnS0NHK1J1U25ZM2txWUw0QjE4YWYrbnZPUEVrKzFtQWxaMHRlQ1NhVlN1TGJITU11ZEhUMVpzUkJUaVIKZm5zeEJsVGk4SXJXL0ZES1lZMkRXUTl1dWRseTd0WDB0LzFhajN3NVVBMlgyOXByMUZyUlFaeWYwOTFVazE4Vwp3ZlFPcVd3QW42cXMzRXVOa1VPU09rMXduRTVSb3Y3LzBsVkx1TXdlR3lsVVd2eHRvckpSUDlRN2lYWGxqTzBVCnNnQUZ0NWhwTmVrMU9obkNDenl4RmNqaUdVNk8vdlhMK0xKSgotLS0tLUVORCBDRVJUSUZJQ0FURS0tLS0tCg==\n  name: eks_eks-remotify-production\n\ncontexts:\n- context:\n    cluster: eks_eks-remotify-production\n    user: eks_eks-remotify-production\n  name: eks_eks-remotify-production\n\ncurrent-context: eks_eks-remotify-production\n\nusers:\n- name: eks_eks-remotify-production\n  user:\n    exec:\n      apiVersion: client.authentication.k8s.io/v1alpha1\n      command: aws-iam-authenticator\n      args:\n        - \"token\"\n        - \"-i\"\n        - \"eks-remotify-production\"\n",
            "content_base64": null,
            "directory_permission": "0755",
            "file_permission": "0600",
            "filename": "./kubeconfig_eks-remotify-production",
            "id": "61548f5e7bb129f8e2315c3bf8b102a5399056bc",
            "sensitive_content": null,
            "source": null
          },
          "sensitive_attributes": [],
          "private": "bnVsbA==",
          "dependencies": [
            "module.eks.module.eks.aws_eks_cluster.this",
            "module.eks.module.eks.aws_iam_role.cluster",
            "module.eks.module.eks.aws_iam_role_policy_attachment.cluster_AmazonEKSVPCResourceControllerPolicy",
            "module.eks.module.eks.data.aws_iam_policy_document.cluster_assume_role_policy",
            "module.eks.module.eks.aws_cloudwatch_log_group.this",
            "module.eks.module.eks.aws_iam_role_policy_attachment.cluster_AmazonEKSServicePolicy",
            "module.eks.module.eks.aws_security_group.cluster",
            "module.eks.module.eks.aws_security_group_rule.cluster_https_worker_ingress",
            "module.vpc.module.vpc.aws_vpc_ipv4_cidr_block_association.this",
            "module.eks.module.eks.aws_iam_role_policy_attachment.cluster_AmazonEKSClusterPolicy",
            "module.vpc.data.aws_availability_zones.available",
            "module.vpc.module.vpc.aws_subnet.private",
            "module.eks.module.eks.aws_security_group.workers",
            "module.eks.module.eks.aws_security_group_rule.cluster_egress_internet",
            "module.eks.module.eks.data.aws_iam_role.custom_cluster_iam_role",
            "module.eks.module.eks.data.aws_partition.current",
            "module.vpc.module.vpc.aws_vpc.this"
          ]
        }
      ]
    },
    {
      "module": "module.eks.module.eks.module.fargate",
      "mode": "data",
      "type": "aws_partition",
      "name": "current",
      "provider": "provider[\"registry.terraform.io/hashicorp/aws\"]",
      "instances": [
        {
          "schema_version": 0,
          "attributes": {
            "dns_suffix": "amazonaws.com",
            "id": "aws",
            "partition": "aws",
            "reverse_dns_prefix": "com.amazonaws"
          },
          "sensitive_attributes": []
        }
      ]
    },
    {
      "module": "module.s3_bucket",
      "mode": "managed",
      "type": "aws_cloudfront_distribution",
      "name": "s3_remotify_app_distribution",
      "provider": "provider[\"registry.terraform.io/hashicorp/aws\"]",
      "instances": [
        {
          "schema_version": 1,
          "attributes": {
            "aliases": [
              "meet.remotify.place"
            ],
            "arn": "arn:aws:cloudfront::002172820271:distribution/E343507GLSNJMG",
            "caller_reference": "terraform-20211122192624980900000001",
            "comment": "remotify app",
            "custom_error_response": [],
            "default_cache_behavior": [
              {
                "allowed_methods": [
                  "GET",
                  "HEAD",
                  "OPTIONS"
                ],
                "cache_policy_id": "",
                "cached_methods": [
                  "GET",
                  "HEAD"
                ],
                "compress": false,
                "default_ttl": 0,
                "field_level_encryption_id": "",
                "forwarded_values": [
                  {
                    "cookies": [
                      {
                        "forward": "none",
                        "whitelisted_names": []
                      }
                    ],
                    "headers": [],
                    "query_string": true,
                    "query_string_cache_keys": []
                  }
                ],
                "function_association": [],
                "lambda_function_association": [],
                "max_ttl": 0,
                "min_ttl": 0,
                "origin_request_policy_id": "",
                "realtime_log_config_arn": "",
                "response_headers_policy_id": "",
                "smooth_streaming": false,
                "target_origin_id": "S3-meet.remotify.place",
                "trusted_key_groups": [],
                "trusted_signers": [],
                "viewer_protocol_policy": "redirect-to-https"
              }
            ],
            "default_root_object": "index.html",
            "domain_name": "d1it1rsnjrstqq.cloudfront.net",
            "enabled": true,
            "etag": "E175B46Y2WL70U",
            "hosted_zone_id": "Z2FDTNDATAQYW2",
            "http_version": "http2",
            "id": "E343507GLSNJMG",
            "in_progress_validation_batches": 0,
            "is_ipv6_enabled": false,
            "last_modified_time": "2021-11-22 19:26:25.664 +0000 UTC",
            "logging_config": [],
            "ordered_cache_behavior": [],
            "origin": [
              {
                "connection_attempts": 3,
                "connection_timeout": 10,
                "custom_header": [],
                "custom_origin_config": [],
                "domain_name": "meet.remotify.place.s3.eu-west-1.amazonaws.com",
                "origin_id": "S3-meet.remotify.place",
                "origin_path": "",
                "origin_shield": [],
                "s3_origin_config": []
              }
            ],
            "origin_group": [],
            "price_class": "PriceClass_All",
            "restrictions": [
              {
                "geo_restriction": [
                  {
                    "locations": [],
                    "restriction_type": "none"
                  }
                ]
              }
            ],
            "retain_on_delete": false,
            "status": "Deployed",
            "tags": {
              "Environment": "production",
              "Name": "remotify app"
            },
            "tags_all": {
              "Environment": "production",
              "Name": "remotify app"
            },
            "trusted_key_groups": [
              {
                "enabled": false,
                "items": []
              }
            ],
            "trusted_signers": [
              {
                "enabled": false,
                "items": []
              }
            ],
            "viewer_certificate": [
              {
                "acm_certificate_arn": "arn:aws:acm:us-east-1:002172820271:certificate/bfa2eeb4-ebec-47b3-a092-e95f99bbc059",
                "cloudfront_default_certificate": false,
                "iam_certificate_id": "",
                "minimum_protocol_version": "TLSv1",
                "ssl_support_method": "sni-only"
              }
            ],
            "wait_for_deployment": true,
            "web_acl_id": ""
          },
          "sensitive_attributes": [],
          "private": "eyJzY2hlbWFfdmVyc2lvbiI6IjEifQ==",
          "dependencies": [
            "module.s3_bucket.aws_s3_bucket.remotify_app"
          ]
        }
      ]
    },
    {
      "module": "module.s3_bucket",
      "mode": "managed",
      "type": "aws_s3_bucket",
      "name": "remotify_app",
      "provider": "provider[\"registry.terraform.io/hashicorp/aws\"]",
      "instances": [
        {
          "schema_version": 0,
          "attributes": {
            "acceleration_status": "",
            "acl": "private",
            "arn": "arn:aws:s3:::meet.remotify.place",
            "bucket": "meet.remotify.place",
            "bucket_domain_name": "meet.remotify.place.s3.amazonaws.com",
            "bucket_prefix": null,
            "bucket_regional_domain_name": "meet.remotify.place.s3.eu-west-1.amazonaws.com",
            "cors_rule": [
              {
                "allowed_headers": [
                  "*"
                ],
                "allowed_methods": [
                  "GET"
                ],
                "allowed_origins": [
                  "*"
                ],
                "expose_headers": [
                  "ETag"
                ],
                "max_age_seconds": 3000
              }
            ],
            "force_destroy": false,
            "grant": [],
            "hosted_zone_id": "Z1BKCTXD74EZPE",
            "id": "meet.remotify.place",
            "lifecycle_rule": [],
            "logging": [],
            "object_lock_configuration": [],
            "policy": "{\"Statement\":[{\"Action\":\"s3:GetObject\",\"Effect\":\"Allow\",\"Principal\":\"*\",\"Resource\":\"arn:aws:s3:::meet.remotify.place/*\",\"Sid\":\"PublicReadForGetBucketObjects\"}],\"Version\":\"2008-10-17\"}",
            "region": "eu-west-1",
            "replication_configuration": [],
            "request_payer": "BucketOwner",
            "server_side_encryption_configuration": [],
            "tags": {
              "Environment": "production",
              "Name": "remotify-app"
            },
            "tags_all": {
              "Environment": "production",
              "Name": "remotify-app"
            },
            "versioning": [
              {
                "enabled": false,
                "mfa_delete": false
              }
            ],
            "website": [
              {
                "error_document": "404.html",
                "index_document": "index.html",
                "redirect_all_requests_to": "",
                "routing_rules": ""
              }
            ],
            "website_domain": "s3-website-eu-west-1.amazonaws.com",
            "website_endpoint": "meet.remotify.place.s3-website-eu-west-1.amazonaws.com"
          },
          "sensitive_attributes": [],
          "private": "bnVsbA=="
        }
      ]
    },
    {
      "module": "module.vpc",
      "mode": "data",
      "type": "aws_availability_zones",
      "name": "available",
      "provider": "provider[\"registry.terraform.io/hashicorp/aws\"]",
      "instances": [
        {
          "schema_version": 0,
          "attributes": {
            "all_availability_zones": null,
            "exclude_names": null,
            "exclude_zone_ids": null,
            "filter": null,
            "group_names": [
              "eu-west-1"
            ],
            "id": "eu-west-1",
            "names": [
              "eu-west-1a",
              "eu-west-1b",
              "eu-west-1c"
            ],
            "state": null,
            "zone_ids": [
              "euw1-az3",
              "euw1-az1",
              "euw1-az2"
            ]
          },
          "sensitive_attributes": []
        }
      ]
    },
    {
      "module": "module.vpc.module.vpc",
      "mode": "managed",
      "type": "aws_eip",
      "name": "nat",
      "provider": "provider[\"registry.terraform.io/hashicorp/aws\"]",
      "instances": [
        {
          "index_key": 0,
          "schema_version": 0,
          "attributes": {
            "address": null,
            "allocation_id": "eipalloc-0e7530bd06851ddcb",
            "associate_with_private_ip": null,
            "association_id": "eipassoc-07eb3717cb2362d57",
            "carrier_ip": "",
            "customer_owned_ip": "",
            "customer_owned_ipv4_pool": "",
            "domain": "vpc",
            "id": "eipalloc-0e7530bd06851ddcb",
            "instance": "",
            "network_border_group": "eu-west-1",
            "network_interface": "eni-0929313749b655c8b",
            "private_dns": "ip-10-0-4-75.eu-west-1.compute.internal",
            "private_ip": "10.0.4.75",
            "public_dns": "ec2-34-253-168-174.eu-west-1.compute.amazonaws.com",
            "public_ip": "34.253.168.174",
            "public_ipv4_pool": "amazon",
            "tags": {
              "Name": "remotify-vpc-eu-west-1a"
            },
            "tags_all": {
              "Name": "remotify-vpc-eu-west-1a"
            },
            "timeouts": null,
            "vpc": true
          },
          "sensitive_attributes": [],
          "private": "eyJlMmJmYjczMC1lY2FhLTExZTYtOGY4OC0zNDM2M2JjN2M0YzAiOnsiZGVsZXRlIjoxODAwMDAwMDAwMDAsInJlYWQiOjkwMDAwMDAwMDAwMCwidXBkYXRlIjozMDAwMDAwMDAwMDB9fQ==",
          "dependencies": [
            "module.vpc.data.aws_availability_zones.available"
          ]
        }
      ]
    },
    {
      "module": "module.vpc.module.vpc",
      "mode": "managed",
      "type": "aws_internet_gateway",
      "name": "this",
      "provider": "provider[\"registry.terraform.io/hashicorp/aws\"]",
      "instances": [
        {
          "index_key": 0,
          "schema_version": 0,
          "attributes": {
            "arn": "arn:aws:ec2:eu-west-1:002172820271:internet-gateway/igw-0ac6d15503dfee3e5",
            "id": "igw-0ac6d15503dfee3e5",
            "owner_id": "002172820271",
            "tags": {
              "Name": "remotify-vpc"
            },
            "tags_all": {
              "Name": "remotify-vpc"
            },
            "vpc_id": "vpc-0e9e6c2edc1d1553a"
          },
          "sensitive_attributes": [],
          "private": "bnVsbA==",
          "dependencies": [
            "module.vpc.module.vpc.aws_vpc.this",
            "module.vpc.module.vpc.aws_vpc_ipv4_cidr_block_association.this"
          ]
        }
      ]
    },
    {
      "module": "module.vpc.module.vpc",
      "mode": "managed",
      "type": "aws_nat_gateway",
      "name": "this",
      "provider": "provider[\"registry.terraform.io/hashicorp/aws\"]",
      "instances": [
        {
          "index_key": 0,
          "schema_version": 0,
          "attributes": {
            "allocation_id": "eipalloc-0e7530bd06851ddcb",
            "connectivity_type": "public",
            "id": "nat-0f6e19fbad13dd444",
            "network_interface_id": "eni-0929313749b655c8b",
            "private_ip": "10.0.4.75",
            "public_ip": "34.253.168.174",
            "subnet_id": "subnet-07b975e592b6d48c2",
            "tags": {
              "Name": "remotify-vpc-eu-west-1a"
            },
            "tags_all": {
              "Name": "remotify-vpc-eu-west-1a"
            }
          },
          "sensitive_attributes": [],
          "private": "bnVsbA==",
          "dependencies": [
            "module.vpc.module.vpc.aws_subnet.public",
            "module.vpc.module.vpc.aws_vpc.this",
            "module.vpc.module.vpc.aws_vpc_ipv4_cidr_block_association.this",
            "module.vpc.data.aws_availability_zones.available",
            "module.vpc.module.vpc.aws_eip.nat",
            "module.vpc.module.vpc.aws_internet_gateway.this"
          ]
        }
      ]
    },
    {
      "module": "module.vpc.module.vpc",
      "mode": "managed",
      "type": "aws_route",
      "name": "private_nat_gateway",
      "provider": "provider[\"registry.terraform.io/hashicorp/aws\"]",
      "instances": [
        {
          "index_key": 0,
          "schema_version": 0,
          "attributes": {
            "carrier_gateway_id": "",
            "destination_cidr_block": "0.0.0.0/0",
            "destination_ipv6_cidr_block": "",
            "destination_prefix_list_id": "",
            "egress_only_gateway_id": "",
            "gateway_id": "",
            "id": "r-rtb-0aa19a7ef15e9f4261080289494",
            "instance_id": "",
            "instance_owner_id": "",
            "local_gateway_id": "",
            "nat_gateway_id": "nat-0f6e19fbad13dd444",
            "network_interface_id": "",
            "origin": "CreateRoute",
            "route_table_id": "rtb-0aa19a7ef15e9f426",
            "state": "active",
            "timeouts": {
              "create": "5m",
              "delete": null,
              "update": null
            },
            "transit_gateway_id": "",
            "vpc_endpoint_id": "",
            "vpc_peering_connection_id": ""
          },
          "sensitive_attributes": [],
          "private": "eyJlMmJmYjczMC1lY2FhLTExZTYtOGY4OC0zNDM2M2JjN2M0YzAiOnsiY3JlYXRlIjozMDAwMDAwMDAwMDAsImRlbGV0ZSI6MzAwMDAwMDAwMDAwLCJ1cGRhdGUiOjEyMDAwMDAwMDAwMH19",
          "dependencies": [
            "module.vpc.module.vpc.aws_internet_gateway.this",
            "module.vpc.module.vpc.aws_nat_gateway.this",
            "module.vpc.module.vpc.aws_route_table.private",
            "module.vpc.module.vpc.aws_subnet.public",
            "module.vpc.module.vpc.aws_vpc.this",
            "module.vpc.module.vpc.aws_vpc_ipv4_cidr_block_association.this",
            "module.vpc.data.aws_availability_zones.available",
            "module.vpc.module.vpc.aws_eip.nat"
          ]
        }
      ]
    },
    {
      "module": "module.vpc.module.vpc",
      "mode": "managed",
      "type": "aws_route",
      "name": "public_internet_gateway",
      "provider": "provider[\"registry.terraform.io/hashicorp/aws\"]",
      "instances": [
        {
          "index_key": 0,
          "schema_version": 0,
          "attributes": {
            "carrier_gateway_id": "",
            "destination_cidr_block": "0.0.0.0/0",
            "destination_ipv6_cidr_block": "",
            "destination_prefix_list_id": "",
            "egress_only_gateway_id": "",
            "gateway_id": "igw-0ac6d15503dfee3e5",
            "id": "r-rtb-028b098dd16bc3e281080289494",
            "instance_id": "",
            "instance_owner_id": "",
            "local_gateway_id": "",
            "nat_gateway_id": "",
            "network_interface_id": "",
            "origin": "CreateRoute",
            "route_table_id": "rtb-028b098dd16bc3e28",
            "state": "active",
            "timeouts": {
              "create": "5m",
              "delete": null,
              "update": null
            },
            "transit_gateway_id": "",
            "vpc_endpoint_id": "",
            "vpc_peering_connection_id": ""
          },
          "sensitive_attributes": [],
          "private": "eyJlMmJmYjczMC1lY2FhLTExZTYtOGY4OC0zNDM2M2JjN2M0YzAiOnsiY3JlYXRlIjozMDAwMDAwMDAwMDAsImRlbGV0ZSI6MzAwMDAwMDAwMDAwLCJ1cGRhdGUiOjEyMDAwMDAwMDAwMH19",
          "dependencies": [
            "module.vpc.module.vpc.aws_internet_gateway.this",
            "module.vpc.module.vpc.aws_route_table.public",
            "module.vpc.module.vpc.aws_vpc.this",
            "module.vpc.module.vpc.aws_vpc_ipv4_cidr_block_association.this"
          ]
        }
      ]
    },
    {
      "module": "module.vpc.module.vpc",
      "mode": "managed",
      "type": "aws_route_table",
      "name": "private",
      "provider": "provider[\"registry.terraform.io/hashicorp/aws\"]",
      "instances": [
        {
          "index_key": 0,
          "schema_version": 0,
          "attributes": {
            "arn": "arn:aws:ec2:eu-west-1:002172820271:route-table/rtb-0aa19a7ef15e9f426",
            "id": "rtb-0aa19a7ef15e9f426",
            "owner_id": "002172820271",
            "propagating_vgws": [],
            "route": [
              {
                "carrier_gateway_id": "",
                "cidr_block": "0.0.0.0/0",
                "destination_prefix_list_id": "",
                "egress_only_gateway_id": "",
                "gateway_id": "",
                "instance_id": "",
                "ipv6_cidr_block": "",
                "local_gateway_id": "",
                "nat_gateway_id": "nat-0f6e19fbad13dd444",
                "network_interface_id": "",
                "transit_gateway_id": "",
                "vpc_endpoint_id": "",
                "vpc_peering_connection_id": ""
              }
            ],
            "tags": {
              "Name": "remotify-vpc-private"
            },
            "tags_all": {
              "Name": "remotify-vpc-private"
            },
            "timeouts": null,
            "vpc_id": "vpc-0e9e6c2edc1d1553a"
          },
          "sensitive_attributes": [],
          "private": "eyJlMmJmYjczMC1lY2FhLTExZTYtOGY4OC0zNDM2M2JjN2M0YzAiOnsiY3JlYXRlIjoxMjAwMDAwMDAwMDAsImRlbGV0ZSI6MzAwMDAwMDAwMDAwLCJ1cGRhdGUiOjEyMDAwMDAwMDAwMH19",
          "dependencies": [
            "module.vpc.module.vpc.aws_vpc_ipv4_cidr_block_association.this",
            "module.vpc.data.aws_availability_zones.available",
            "module.vpc.module.vpc.aws_vpc.this"
          ]
        }
      ]
    },
    {
      "module": "module.vpc.module.vpc",
      "mode": "managed",
      "type": "aws_route_table",
      "name": "public",
      "provider": "provider[\"registry.terraform.io/hashicorp/aws\"]",
      "instances": [
        {
          "index_key": 0,
          "schema_version": 0,
          "attributes": {
            "arn": "arn:aws:ec2:eu-west-1:002172820271:route-table/rtb-028b098dd16bc3e28",
            "id": "rtb-028b098dd16bc3e28",
            "owner_id": "002172820271",
            "propagating_vgws": [],
            "route": [
              {
                "carrier_gateway_id": "",
                "cidr_block": "0.0.0.0/0",
                "destination_prefix_list_id": "",
                "egress_only_gateway_id": "",
                "gateway_id": "igw-0ac6d15503dfee3e5",
                "instance_id": "",
                "ipv6_cidr_block": "",
                "local_gateway_id": "",
                "nat_gateway_id": "",
                "network_interface_id": "",
                "transit_gateway_id": "",
                "vpc_endpoint_id": "",
                "vpc_peering_connection_id": ""
              }
            ],
            "tags": {
              "Name": "remotify-vpc-public"
            },
            "tags_all": {
              "Name": "remotify-vpc-public"
            },
            "timeouts": null,
            "vpc_id": "vpc-0e9e6c2edc1d1553a"
          },
          "sensitive_attributes": [],
          "private": "eyJlMmJmYjczMC1lY2FhLTExZTYtOGY4OC0zNDM2M2JjN2M0YzAiOnsiY3JlYXRlIjoxMjAwMDAwMDAwMDAsImRlbGV0ZSI6MzAwMDAwMDAwMDAwLCJ1cGRhdGUiOjEyMDAwMDAwMDAwMH19",
          "dependencies": [
            "module.vpc.module.vpc.aws_vpc.this",
            "module.vpc.module.vpc.aws_vpc_ipv4_cidr_block_association.this"
          ]
        }
      ]
    },
    {
      "module": "module.vpc.module.vpc",
      "mode": "managed",
      "type": "aws_route_table_association",
      "name": "private",
      "provider": "provider[\"registry.terraform.io/hashicorp/aws\"]",
      "instances": [
        {
          "index_key": 0,
          "schema_version": 0,
          "attributes": {
            "gateway_id": "",
            "id": "rtbassoc-0d7e776137f9081e7",
            "route_table_id": "rtb-0aa19a7ef15e9f426",
            "subnet_id": "subnet-05f53f164ca43d09e"
          },
          "sensitive_attributes": [],
          "private": "bnVsbA==",
          "dependencies": [
            "module.vpc.module.vpc.aws_vpc.this",
            "module.vpc.module.vpc.aws_vpc_ipv4_cidr_block_association.this",
            "module.vpc.data.aws_availability_zones.available",
            "module.vpc.module.vpc.aws_route_table.private",
            "module.vpc.module.vpc.aws_subnet.private"
          ]
        },
        {
          "index_key": 1,
          "schema_version": 0,
          "attributes": {
            "gateway_id": "",
            "id": "rtbassoc-0e8479738e8c1d0a9",
            "route_table_id": "rtb-0aa19a7ef15e9f426",
            "subnet_id": "subnet-060e1f0b98bf34cc0"
          },
          "sensitive_attributes": [],
          "private": "bnVsbA==",
          "dependencies": [
            "module.vpc.data.aws_availability_zones.available",
            "module.vpc.module.vpc.aws_route_table.private",
            "module.vpc.module.vpc.aws_subnet.private",
            "module.vpc.module.vpc.aws_vpc.this",
            "module.vpc.module.vpc.aws_vpc_ipv4_cidr_block_association.this"
          ]
        },
        {
          "index_key": 2,
          "schema_version": 0,
          "attributes": {
            "gateway_id": "",
            "id": "rtbassoc-0812750e477fe8d2e",
            "route_table_id": "rtb-0aa19a7ef15e9f426",
            "subnet_id": "subnet-06c9398939a85e315"
          },
          "sensitive_attributes": [],
          "private": "bnVsbA==",
          "dependencies": [
            "module.vpc.module.vpc.aws_route_table.private",
            "module.vpc.module.vpc.aws_subnet.private",
            "module.vpc.module.vpc.aws_vpc.this",
            "module.vpc.module.vpc.aws_vpc_ipv4_cidr_block_association.this",
            "module.vpc.data.aws_availability_zones.available"
          ]
        }
      ]
    },
    {
      "module": "module.vpc.module.vpc",
      "mode": "managed",
      "type": "aws_route_table_association",
      "name": "public",
      "provider": "provider[\"registry.terraform.io/hashicorp/aws\"]",
      "instances": [
        {
          "index_key": 0,
          "schema_version": 0,
          "attributes": {
            "gateway_id": "",
            "id": "rtbassoc-014dba2eef1a97815",
            "route_table_id": "rtb-028b098dd16bc3e28",
            "subnet_id": "subnet-07b975e592b6d48c2"
          },
          "sensitive_attributes": [],
          "private": "bnVsbA==",
          "dependencies": [
            "module.vpc.module.vpc.aws_subnet.public",
            "module.vpc.module.vpc.aws_vpc.this",
            "module.vpc.module.vpc.aws_vpc_ipv4_cidr_block_association.this",
            "module.vpc.data.aws_availability_zones.available",
            "module.vpc.module.vpc.aws_route_table.public"
          ]
        },
        {
          "index_key": 1,
          "schema_version": 0,
          "attributes": {
            "gateway_id": "",
            "id": "rtbassoc-0e7c5692bbc1b0f86",
            "route_table_id": "rtb-028b098dd16bc3e28",
            "subnet_id": "subnet-05b56466362a7751e"
          },
          "sensitive_attributes": [],
          "private": "bnVsbA==",
          "dependencies": [
            "module.vpc.module.vpc.aws_vpc_ipv4_cidr_block_association.this",
            "module.vpc.data.aws_availability_zones.available",
            "module.vpc.module.vpc.aws_route_table.public",
            "module.vpc.module.vpc.aws_subnet.public",
            "module.vpc.module.vpc.aws_vpc.this"
          ]
        },
        {
          "index_key": 2,
          "schema_version": 0,
          "attributes": {
            "gateway_id": "",
            "id": "rtbassoc-0668eac0dfd8818e0",
            "route_table_id": "rtb-028b098dd16bc3e28",
            "subnet_id": "subnet-0dc15a7c65df6ed0c"
          },
          "sensitive_attributes": [],
          "private": "bnVsbA==",
          "dependencies": [
            "module.vpc.data.aws_availability_zones.available",
            "module.vpc.module.vpc.aws_route_table.public",
            "module.vpc.module.vpc.aws_subnet.public",
            "module.vpc.module.vpc.aws_vpc.this",
            "module.vpc.module.vpc.aws_vpc_ipv4_cidr_block_association.this"
          ]
        }
      ]
    },
    {
      "module": "module.vpc.module.vpc",
      "mode": "managed",
      "type": "aws_subnet",
      "name": "private",
      "provider": "provider[\"registry.terraform.io/hashicorp/aws\"]",
      "instances": [
        {
          "index_key": 0,
          "schema_version": 1,
          "attributes": {
            "arn": "arn:aws:ec2:eu-west-1:002172820271:subnet/subnet-05f53f164ca43d09e",
            "assign_ipv6_address_on_creation": false,
            "availability_zone": "eu-west-1a",
            "availability_zone_id": "euw1-az3",
            "cidr_block": "10.0.1.0/24",
            "customer_owned_ipv4_pool": "",
            "id": "subnet-05f53f164ca43d09e",
            "ipv6_cidr_block": "",
            "ipv6_cidr_block_association_id": "",
            "map_customer_owned_ip_on_launch": false,
            "map_public_ip_on_launch": false,
            "outpost_arn": "",
            "owner_id": "002172820271",
            "tags": {
              "Name": "remotify-vpc-private-eu-west-1a",
              "kubernetes.io/cluster/eks-remotify-production": "shared",
              "kubernetes.io/role/internal-elb": "1"
            },
            "tags_all": {
              "Name": "remotify-vpc-private-eu-west-1a",
              "kubernetes.io/cluster/eks-remotify-production": "shared",
              "kubernetes.io/role/internal-elb": "1"
            },
            "timeouts": null,
            "vpc_id": "vpc-0e9e6c2edc1d1553a"
          },
          "sensitive_attributes": [],
          "private": "eyJlMmJmYjczMC1lY2FhLTExZTYtOGY4OC0zNDM2M2JjN2M0YzAiOnsiY3JlYXRlIjo2MDAwMDAwMDAwMDAsImRlbGV0ZSI6MTIwMDAwMDAwMDAwMH0sInNjaGVtYV92ZXJzaW9uIjoiMSJ9",
          "dependencies": [
            "module.vpc.data.aws_availability_zones.available",
            "module.vpc.module.vpc.aws_vpc.this",
            "module.vpc.module.vpc.aws_vpc_ipv4_cidr_block_association.this"
          ],
          "create_before_destroy": true
        },
        {
          "index_key": 1,
          "schema_version": 1,
          "attributes": {
            "arn": "arn:aws:ec2:eu-west-1:002172820271:subnet/subnet-060e1f0b98bf34cc0",
            "assign_ipv6_address_on_creation": false,
            "availability_zone": "eu-west-1b",
            "availability_zone_id": "euw1-az1",
            "cidr_block": "10.0.2.0/24",
            "customer_owned_ipv4_pool": "",
            "id": "subnet-060e1f0b98bf34cc0",
            "ipv6_cidr_block": "",
            "ipv6_cidr_block_association_id": "",
            "map_customer_owned_ip_on_launch": false,
            "map_public_ip_on_launch": false,
            "outpost_arn": "",
            "owner_id": "002172820271",
            "tags": {
              "Name": "remotify-vpc-private-eu-west-1b",
              "kubernetes.io/cluster/eks-remotify-production": "shared",
              "kubernetes.io/role/internal-elb": "1"
            },
            "tags_all": {
              "Name": "remotify-vpc-private-eu-west-1b",
              "kubernetes.io/cluster/eks-remotify-production": "shared",
              "kubernetes.io/role/internal-elb": "1"
            },
            "timeouts": null,
            "vpc_id": "vpc-0e9e6c2edc1d1553a"
          },
          "sensitive_attributes": [],
          "private": "eyJlMmJmYjczMC1lY2FhLTExZTYtOGY4OC0zNDM2M2JjN2M0YzAiOnsiY3JlYXRlIjo2MDAwMDAwMDAwMDAsImRlbGV0ZSI6MTIwMDAwMDAwMDAwMH0sInNjaGVtYV92ZXJzaW9uIjoiMSJ9",
          "dependencies": [
            "module.vpc.data.aws_availability_zones.available",
            "module.vpc.module.vpc.aws_vpc.this",
            "module.vpc.module.vpc.aws_vpc_ipv4_cidr_block_association.this"
          ],
          "create_before_destroy": true
        },
        {
          "index_key": 2,
          "schema_version": 1,
          "attributes": {
            "arn": "arn:aws:ec2:eu-west-1:002172820271:subnet/subnet-06c9398939a85e315",
            "assign_ipv6_address_on_creation": false,
            "availability_zone": "eu-west-1c",
            "availability_zone_id": "euw1-az2",
            "cidr_block": "10.0.3.0/24",
            "customer_owned_ipv4_pool": "",
            "id": "subnet-06c9398939a85e315",
            "ipv6_cidr_block": "",
            "ipv6_cidr_block_association_id": "",
            "map_customer_owned_ip_on_launch": false,
            "map_public_ip_on_launch": false,
            "outpost_arn": "",
            "owner_id": "002172820271",
            "tags": {
              "Name": "remotify-vpc-private-eu-west-1c",
              "kubernetes.io/cluster/eks-remotify-production": "shared",
              "kubernetes.io/role/internal-elb": "1"
            },
            "tags_all": {
              "Name": "remotify-vpc-private-eu-west-1c",
              "kubernetes.io/cluster/eks-remotify-production": "shared",
              "kubernetes.io/role/internal-elb": "1"
            },
            "timeouts": null,
            "vpc_id": "vpc-0e9e6c2edc1d1553a"
          },
          "sensitive_attributes": [],
          "private": "eyJlMmJmYjczMC1lY2FhLTExZTYtOGY4OC0zNDM2M2JjN2M0YzAiOnsiY3JlYXRlIjo2MDAwMDAwMDAwMDAsImRlbGV0ZSI6MTIwMDAwMDAwMDAwMH0sInNjaGVtYV92ZXJzaW9uIjoiMSJ9",
          "dependencies": [
            "module.vpc.module.vpc.aws_vpc_ipv4_cidr_block_association.this",
            "module.vpc.data.aws_availability_zones.available",
            "module.vpc.module.vpc.aws_vpc.this"
          ],
          "create_before_destroy": true
        }
      ]
    },
    {
      "module": "module.vpc.module.vpc",
      "mode": "managed",
      "type": "aws_subnet",
      "name": "public",
      "provider": "provider[\"registry.terraform.io/hashicorp/aws\"]",
      "instances": [
        {
          "index_key": 0,
          "schema_version": 1,
          "attributes": {
            "arn": "arn:aws:ec2:eu-west-1:002172820271:subnet/subnet-07b975e592b6d48c2",
            "assign_ipv6_address_on_creation": false,
            "availability_zone": "eu-west-1a",
            "availability_zone_id": "euw1-az3",
            "cidr_block": "10.0.4.0/24",
            "customer_owned_ipv4_pool": "",
            "id": "subnet-07b975e592b6d48c2",
            "ipv6_cidr_block": "",
            "ipv6_cidr_block_association_id": "",
            "map_customer_owned_ip_on_launch": false,
            "map_public_ip_on_launch": true,
            "outpost_arn": "",
            "owner_id": "002172820271",
            "tags": {
              "Name": "remotify-vpc-public-eu-west-1a",
              "kubernetes.io/cluster/eks-remotify-production": "shared",
              "kubernetes.io/role/elb": "1"
            },
            "tags_all": {
              "Name": "remotify-vpc-public-eu-west-1a",
              "kubernetes.io/cluster/eks-remotify-production": "shared",
              "kubernetes.io/role/elb": "1"
            },
            "timeouts": null,
            "vpc_id": "vpc-0e9e6c2edc1d1553a"
          },
          "sensitive_attributes": [],
          "private": "eyJlMmJmYjczMC1lY2FhLTExZTYtOGY4OC0zNDM2M2JjN2M0YzAiOnsiY3JlYXRlIjo2MDAwMDAwMDAwMDAsImRlbGV0ZSI6MTIwMDAwMDAwMDAwMH0sInNjaGVtYV92ZXJzaW9uIjoiMSJ9",
          "dependencies": [
            "module.vpc.module.vpc.aws_vpc_ipv4_cidr_block_association.this",
            "module.vpc.data.aws_availability_zones.available",
            "module.vpc.module.vpc.aws_vpc.this"
          ]
        },
        {
          "index_key": 1,
          "schema_version": 1,
          "attributes": {
            "arn": "arn:aws:ec2:eu-west-1:002172820271:subnet/subnet-05b56466362a7751e",
            "assign_ipv6_address_on_creation": false,
            "availability_zone": "eu-west-1b",
            "availability_zone_id": "euw1-az1",
            "cidr_block": "10.0.5.0/24",
            "customer_owned_ipv4_pool": "",
            "id": "subnet-05b56466362a7751e",
            "ipv6_cidr_block": "",
            "ipv6_cidr_block_association_id": "",
            "map_customer_owned_ip_on_launch": false,
            "map_public_ip_on_launch": true,
            "outpost_arn": "",
            "owner_id": "002172820271",
            "tags": {
              "Name": "remotify-vpc-public-eu-west-1b",
              "kubernetes.io/cluster/eks-remotify-production": "shared",
              "kubernetes.io/role/elb": "1"
            },
            "tags_all": {
              "Name": "remotify-vpc-public-eu-west-1b",
              "kubernetes.io/cluster/eks-remotify-production": "shared",
              "kubernetes.io/role/elb": "1"
            },
            "timeouts": null,
            "vpc_id": "vpc-0e9e6c2edc1d1553a"
          },
          "sensitive_attributes": [],
          "private": "eyJlMmJmYjczMC1lY2FhLTExZTYtOGY4OC0zNDM2M2JjN2M0YzAiOnsiY3JlYXRlIjo2MDAwMDAwMDAwMDAsImRlbGV0ZSI6MTIwMDAwMDAwMDAwMH0sInNjaGVtYV92ZXJzaW9uIjoiMSJ9",
          "dependencies": [
            "module.vpc.data.aws_availability_zones.available",
            "module.vpc.module.vpc.aws_vpc.this",
            "module.vpc.module.vpc.aws_vpc_ipv4_cidr_block_association.this"
          ]
        },
        {
          "index_key": 2,
          "schema_version": 1,
          "attributes": {
            "arn": "arn:aws:ec2:eu-west-1:002172820271:subnet/subnet-0dc15a7c65df6ed0c",
            "assign_ipv6_address_on_creation": false,
            "availability_zone": "eu-west-1c",
            "availability_zone_id": "euw1-az2",
            "cidr_block": "10.0.6.0/24",
            "customer_owned_ipv4_pool": "",
            "id": "subnet-0dc15a7c65df6ed0c",
            "ipv6_cidr_block": "",
            "ipv6_cidr_block_association_id": "",
            "map_customer_owned_ip_on_launch": false,
            "map_public_ip_on_launch": true,
            "outpost_arn": "",
            "owner_id": "002172820271",
            "tags": {
              "Name": "remotify-vpc-public-eu-west-1c",
              "kubernetes.io/cluster/eks-remotify-production": "shared",
              "kubernetes.io/role/elb": "1"
            },
            "tags_all": {
              "Name": "remotify-vpc-public-eu-west-1c",
              "kubernetes.io/cluster/eks-remotify-production": "shared",
              "kubernetes.io/role/elb": "1"
            },
            "timeouts": null,
            "vpc_id": "vpc-0e9e6c2edc1d1553a"
          },
          "sensitive_attributes": [],
          "private": "eyJlMmJmYjczMC1lY2FhLTExZTYtOGY4OC0zNDM2M2JjN2M0YzAiOnsiY3JlYXRlIjo2MDAwMDAwMDAwMDAsImRlbGV0ZSI6MTIwMDAwMDAwMDAwMH0sInNjaGVtYV92ZXJzaW9uIjoiMSJ9",
          "dependencies": [
            "module.vpc.module.vpc.aws_vpc.this",
            "module.vpc.module.vpc.aws_vpc_ipv4_cidr_block_association.this",
            "module.vpc.data.aws_availability_zones.available"
          ]
        }
      ]
    },
    {
      "module": "module.vpc.module.vpc",
      "mode": "managed",
      "type": "aws_vpc",
      "name": "this",
      "provider": "provider[\"registry.terraform.io/hashicorp/aws\"]",
      "instances": [
        {
          "index_key": 0,
          "schema_version": 1,
          "attributes": {
            "arn": "arn:aws:ec2:eu-west-1:002172820271:vpc/vpc-0e9e6c2edc1d1553a",
            "assign_generated_ipv6_cidr_block": false,
            "cidr_block": "10.0.0.0/16",
            "default_network_acl_id": "acl-0bdac756e37db065e",
            "default_route_table_id": "rtb-0ba089ef153aad14a",
            "default_security_group_id": "sg-0d38b2e5881aebe12",
            "dhcp_options_id": "dopt-b4c2d2d6",
            "enable_classiclink": false,
            "enable_classiclink_dns_support": false,
            "enable_dns_hostnames": true,
            "enable_dns_support": true,
            "id": "vpc-0e9e6c2edc1d1553a",
            "instance_tenancy": "default",
            "ipv6_association_id": "",
            "ipv6_cidr_block": "",
            "main_route_table_id": "rtb-0ba089ef153aad14a",
            "owner_id": "002172820271",
            "tags": {
              "Name": "remotify-vpc"
            },
            "tags_all": {
              "Name": "remotify-vpc"
            }
          },
          "sensitive_attributes": [],
          "private": "eyJzY2hlbWFfdmVyc2lvbiI6IjEifQ==",
          "create_before_destroy": true
        }
      ]
    }
  ]
}
